// !$*UTF8*$!
{
	archiveVersion = 1;
	classes = {
	};
	objectVersion = 46;
	objects = {

/* Begin PBXBuildFile section */
		0C4270D01C932FA900F5B519 /* Info.plist in Resources */ = {isa = PBXBuildFile; fileRef = 0C4270C21C932FA900F5B519 /* Info.plist */; };
		0C4270EF1C932FF000F5B519 /* AppDelegate.m in Sources */ = {isa = PBXBuildFile; fileRef = 0C4270BE1C932FA900F5B519 /* AppDelegate.m */; };
		0C4270F01C932FF000F5B519 /* DemoBase.m in Sources */ = {isa = PBXBuildFile; fileRef = 0C4270C61C932FA900F5B519 /* DemoBase.m */; };
		0C4270F11C932FF000F5B519 /* main.m in Sources */ = {isa = PBXBuildFile; fileRef = 0C4270C71C932FA900F5B519 /* main.m */; };
		0C4270F21C932FF000F5B519 /* MetalRenderer.mm in Sources */ = {isa = PBXBuildFile; fileRef = 0C4270C91C932FA900F5B519 /* MetalRenderer.mm */; };
		0C4270F31C932FF000F5B519 /* MetalView.m in Sources */ = {isa = PBXBuildFile; fileRef = 0C4270CB1C932FA900F5B519 /* MetalView.m */; };
		0C4270F41C932FF000F5B519 /* TriangleDemo.m in Sources */ = {isa = PBXBuildFile; fileRef = 0C4270CD1C932FA900F5B519 /* TriangleDemo.m */; };
		0C4270F51C932FF900F5B519 /* Shaders.metal in Sources */ = {isa = PBXBuildFile; fileRef = 0C4270C01C932FA900F5B519 /* Shaders.metal */; };
		0C4270F61C93300100F5B519 /* Main.storyboard in Resources */ = {isa = PBXBuildFile; fileRef = 0C4270C31C932FA900F5B519 /* Main.storyboard */; };
		0C8E93AE1C88A7AB0002A0DA /* Shaders.metal in Sources */ = {isa = PBXBuildFile; fileRef = 0C8E93661C88A70C0002A0DA /* Shaders.metal */; };
		0C8E93AF1C88A7AB0002A0DA /* InstancingDemo.swift in Sources */ = {isa = PBXBuildFile; fileRef = 0C8E936C1C88A70C0002A0DA /* InstancingDemo.swift */; };
		0C8E93B01C88A7AB0002A0DA /* MetalRenderer.swift in Sources */ = {isa = PBXBuildFile; fileRef = 0C8E936D1C88A70C0002A0DA /* MetalRenderer.swift */; };
		0C8E93B31C88A8560002A0DA /* Main.storyboard in Resources */ = {isa = PBXBuildFile; fileRef = 0C8E93B21C88A84F0002A0DA /* Main.storyboard */; };
		0C8E93C01C88A9030002A0DA /* MetalView.swift in Sources */ = {isa = PBXBuildFile; fileRef = 0C8E93BA1C88A8D10002A0DA /* MetalView.swift */; };
		0C8E93C11C88A9050002A0DA /* DemoBase.swift in Sources */ = {isa = PBXBuildFile; fileRef = 0C8E93B91C88A8D10002A0DA /* DemoBase.swift */; };
		0C8E93C21C88A9060002A0DA /* AppDelegate.swift in Sources */ = {isa = PBXBuildFile; fileRef = 0C8E93B81C88A8D10002A0DA /* AppDelegate.swift */; };
		0C8E93C31C88A91F0002A0DA /* MatrixTransforms.c in Sources */ = {isa = PBXBuildFile; fileRef = 0C8E93BC1C88A8D10002A0DA /* MatrixTransforms.c */; };
		0C8E93C41C88A9F80002A0DA /* AppDelegate.swift in Sources */ = {isa = PBXBuildFile; fileRef = 0C8E93B81C88A8D10002A0DA /* AppDelegate.swift */; };
		0C8E93C51C88A9F80002A0DA /* DemoBase.swift in Sources */ = {isa = PBXBuildFile; fileRef = 0C8E93B91C88A8D10002A0DA /* DemoBase.swift */; };
		0C8E93C61C88A9F80002A0DA /* MetalView.swift in Sources */ = {isa = PBXBuildFile; fileRef = 0C8E93BA1C88A8D10002A0DA /* MetalView.swift */; };
		0C8E93C71C88A9F80002A0DA /* MatrixTransforms.c in Sources */ = {isa = PBXBuildFile; fileRef = 0C8E93BC1C88A8D10002A0DA /* MatrixTransforms.c */; };
		0C8E93C81C88A9F80002A0DA /* Shaders.metal in Sources */ = {isa = PBXBuildFile; fileRef = 0C8E938B1C88A70C0002A0DA /* Shaders.metal */; };
		0C8E93C91C88A9F80002A0DA /* MetalRenderer.swift in Sources */ = {isa = PBXBuildFile; fileRef = 0C8E93941C88A70C0002A0DA /* MetalRenderer.swift */; };
		0C8E93CA1C88A9F80002A0DA /* MultiSampleDemo.swift in Sources */ = {isa = PBXBuildFile; fileRef = 0C8E93951C88A70C0002A0DA /* MultiSampleDemo.swift */; };
		0C8E93CE1C88AA400002A0DA /* Main.storyboard in Resources */ = {isa = PBXBuildFile; fileRef = 0C8E93CD1C88AA3D0002A0DA /* Main.storyboard */; };
		0C8E93D01C88ACCF0002A0DA /* MetalCubeDemo.swift in Sources */ = {isa = PBXBuildFile; fileRef = 0C8E93CF1C88ACCF0002A0DA /* MetalCubeDemo.swift */; };
		0C8E93D31C88AD890002A0DA /* Main.storyboard in Resources */ = {isa = PBXBuildFile; fileRef = 0C8E93D21C88AD800002A0DA /* Main.storyboard */; };
		0C8E93D41C88AD8C0002A0DA /* MetalRenderer.swift in Sources */ = {isa = PBXBuildFile; fileRef = 0C8E937A1C88A70C0002A0DA /* MetalRenderer.swift */; };
		0C8E93D51C88AD980002A0DA /* AppDelegate.swift in Sources */ = {isa = PBXBuildFile; fileRef = 0C8E93B81C88A8D10002A0DA /* AppDelegate.swift */; };
		0C8E93D61C88AD980002A0DA /* DemoBase.swift in Sources */ = {isa = PBXBuildFile; fileRef = 0C8E93B91C88A8D10002A0DA /* DemoBase.swift */; };
		0C8E93D71C88AD980002A0DA /* MetalView.swift in Sources */ = {isa = PBXBuildFile; fileRef = 0C8E93BA1C88A8D10002A0DA /* MetalView.swift */; };
		0C8E93D81C88AD980002A0DA /* MatrixTransforms.c in Sources */ = {isa = PBXBuildFile; fileRef = 0C8E93BC1C88A8D10002A0DA /* MatrixTransforms.c */; };
		0C8E93D91C88AFD30002A0DA /* Shaders.metal in Sources */ = {isa = PBXBuildFile; fileRef = 0C8E93701C88A70C0002A0DA /* Shaders.metal */; };
		0C8E93DC1C88C4B50002A0DA /* Main.storyboard in Resources */ = {isa = PBXBuildFile; fileRef = 0C8E93DB1C88C4AE0002A0DA /* Main.storyboard */; };
		0C8E93DD1C88C4C20002A0DA /* AppDelegate.swift in Sources */ = {isa = PBXBuildFile; fileRef = 0C8E93B81C88A8D10002A0DA /* AppDelegate.swift */; };
		0C8E93DE1C88C4C20002A0DA /* DemoBase.swift in Sources */ = {isa = PBXBuildFile; fileRef = 0C8E93B91C88A8D10002A0DA /* DemoBase.swift */; };
		0C8E93DF1C88C4C20002A0DA /* MetalView.swift in Sources */ = {isa = PBXBuildFile; fileRef = 0C8E93BA1C88A8D10002A0DA /* MetalView.swift */; };
		0C8E93E01C88C4C20002A0DA /* Shaders.metal in Sources */ = {isa = PBXBuildFile; fileRef = 0C8E937D1C88A70C0002A0DA /* Shaders.metal */; };
		0C8E93E11C88C4C20002A0DA /* MetalRenderer.swift in Sources */ = {isa = PBXBuildFile; fileRef = 0C8E93881C88A70C0002A0DA /* MetalRenderer.swift */; };
		0C8E93E31C88C4CD0002A0DA /* MetalTriangleDemo.swift in Sources */ = {isa = PBXBuildFile; fileRef = 0C8E93E21C88C4CD0002A0DA /* MetalTriangleDemo.swift */; };
/* End PBXBuildFile section */

/* Begin PBXFileReference section */
		0C3FED191C3B7D1E002E69FE /* MetalCube.app */ = {isa = PBXFileReference; explicitFileType = wrapper.application; includeInIndex = 0; path = MetalCube.app; sourceTree = BUILT_PRODUCTS_DIR; };
		0C4270BD1C932FA900F5B519 /* AppDelegate.h */ = {isa = PBXFileReference; fileEncoding = 4; lastKnownFileType = sourcecode.c.h; path = AppDelegate.h; sourceTree = "<group>"; };
		0C4270BE1C932FA900F5B519 /* AppDelegate.m */ = {isa = PBXFileReference; fileEncoding = 4; lastKnownFileType = sourcecode.c.objc; path = AppDelegate.m; sourceTree = "<group>"; };
		0C4270C01C932FA900F5B519 /* Shaders.metal */ = {isa = PBXFileReference; fileEncoding = 4; lastKnownFileType = sourcecode.metal; path = Shaders.metal; sourceTree = "<group>"; };
		0C4270C21C932FA900F5B519 /* Info.plist */ = {isa = PBXFileReference; fileEncoding = 4; lastKnownFileType = text.plist.xml; path = Info.plist; sourceTree = "<group>"; };
		0C4270C31C932FA900F5B519 /* Main.storyboard */ = {isa = PBXFileReference; fileEncoding = 4; lastKnownFileType = file.storyboard; path = Main.storyboard; sourceTree = "<group>"; };
		0C4270C41C932FA900F5B519 /* DemoBase+protected.h */ = {isa = PBXFileReference; fileEncoding = 4; lastKnownFileType = sourcecode.c.h; path = "DemoBase+protected.h"; sourceTree = "<group>"; };
		0C4270C51C932FA900F5B519 /* DemoBase.h */ = {isa = PBXFileReference; fileEncoding = 4; lastKnownFileType = sourcecode.c.h; path = DemoBase.h; sourceTree = "<group>"; };
		0C4270C61C932FA900F5B519 /* DemoBase.m */ = {isa = PBXFileReference; fileEncoding = 4; lastKnownFileType = sourcecode.c.objc; path = DemoBase.m; sourceTree = "<group>"; };
		0C4270C71C932FA900F5B519 /* main.m */ = {isa = PBXFileReference; fileEncoding = 4; lastKnownFileType = sourcecode.c.objc; path = main.m; sourceTree = "<group>"; };
		0C4270C81C932FA900F5B519 /* MetalRenderer.h */ = {isa = PBXFileReference; fileEncoding = 4; lastKnownFileType = sourcecode.c.h; path = MetalRenderer.h; sourceTree = "<group>"; };
		0C4270C91C932FA900F5B519 /* MetalRenderer.mm */ = {isa = PBXFileReference; fileEncoding = 4; lastKnownFileType = sourcecode.cpp.objcpp; path = MetalRenderer.mm; sourceTree = "<group>"; };
		0C4270CA1C932FA900F5B519 /* MetalView.h */ = {isa = PBXFileReference; fileEncoding = 4; lastKnownFileType = sourcecode.c.h; path = MetalView.h; sourceTree = "<group>"; };
		0C4270CB1C932FA900F5B519 /* MetalView.m */ = {isa = PBXFileReference; fileEncoding = 4; lastKnownFileType = sourcecode.c.objc; path = MetalView.m; sourceTree = "<group>"; };
		0C4270CC1C932FA900F5B519 /* TriangleDemo.h */ = {isa = PBXFileReference; fileEncoding = 4; lastKnownFileType = sourcecode.c.h; path = TriangleDemo.h; sourceTree = "<group>"; };
		0C4270CD1C932FA900F5B519 /* TriangleDemo.m */ = {isa = PBXFileReference; fileEncoding = 4; lastKnownFileType = sourcecode.c.objc; path = TriangleDemo.m; sourceTree = "<group>"; };
		0C4270DB1C932FC500F5B519 /* ObjcTriangle.app */ = {isa = PBXFileReference; explicitFileType = wrapper.application; includeInIndex = 0; path = ObjcTriangle.app; sourceTree = BUILT_PRODUCTS_DIR; };
		0C8E93661C88A70C0002A0DA /* Shaders.metal */ = {isa = PBXFileReference; lastKnownFileType = sourcecode.metal; path = Shaders.metal; sourceTree = "<group>"; };
		0C8E936C1C88A70C0002A0DA /* InstancingDemo.swift */ = {isa = PBXFileReference; lastKnownFileType = sourcecode.swift; path = InstancingDemo.swift; sourceTree = "<group>"; };
		0C8E936D1C88A70C0002A0DA /* MetalRenderer.swift */ = {isa = PBXFileReference; lastKnownFileType = sourcecode.swift; path = MetalRenderer.swift; sourceTree = "<group>"; };
		0C8E93701C88A70C0002A0DA /* Shaders.metal */ = {isa = PBXFileReference; lastKnownFileType = sourcecode.metal; path = Shaders.metal; sourceTree = "<group>"; };
		0C8E937A1C88A70C0002A0DA /* MetalRenderer.swift */ = {isa = PBXFileReference; lastKnownFileType = sourcecode.swift; path = MetalRenderer.swift; sourceTree = "<group>"; };
		0C8E937D1C88A70C0002A0DA /* Shaders.metal */ = {isa = PBXFileReference; lastKnownFileType = sourcecode.metal; path = Shaders.metal; sourceTree = "<group>"; };
		0C8E93881C88A70C0002A0DA /* MetalRenderer.swift */ = {isa = PBXFileReference; lastKnownFileType = sourcecode.swift; path = MetalRenderer.swift; sourceTree = "<group>"; };
		0C8E938B1C88A70C0002A0DA /* Shaders.metal */ = {isa = PBXFileReference; lastKnownFileType = sourcecode.metal; path = Shaders.metal; sourceTree = "<group>"; };
		0C8E93941C88A70C0002A0DA /* MetalRenderer.swift */ = {isa = PBXFileReference; lastKnownFileType = sourcecode.swift; path = MetalRenderer.swift; sourceTree = "<group>"; };
		0C8E93951C88A70C0002A0DA /* MultiSampleDemo.swift */ = {isa = PBXFileReference; lastKnownFileType = sourcecode.swift; path = MultiSampleDemo.swift; sourceTree = "<group>"; };
		0C8E93B11C88A84F0002A0DA /* Info.plist */ = {isa = PBXFileReference; lastKnownFileType = text.plist.xml; path = Info.plist; sourceTree = "<group>"; };
		0C8E93B21C88A84F0002A0DA /* Main.storyboard */ = {isa = PBXFileReference; lastKnownFileType = file.storyboard; path = Main.storyboard; sourceTree = "<group>"; };
		0C8E93B51C88A8D10002A0DA /* AppDelegate.swift */ = {isa = PBXFileReference; lastKnownFileType = sourcecode.swift; path = AppDelegate.swift; sourceTree = "<group>"; };
		0C8E93B61C88A8D10002A0DA /* DemoBase.swift */ = {isa = PBXFileReference; lastKnownFileType = sourcecode.swift; path = DemoBase.swift; sourceTree = "<group>"; };
		0C8E93B81C88A8D10002A0DA /* AppDelegate.swift */ = {isa = PBXFileReference; lastKnownFileType = sourcecode.swift; path = AppDelegate.swift; sourceTree = "<group>"; };
		0C8E93B91C88A8D10002A0DA /* DemoBase.swift */ = {isa = PBXFileReference; lastKnownFileType = sourcecode.swift; path = DemoBase.swift; sourceTree = "<group>"; };
		0C8E93BA1C88A8D10002A0DA /* MetalView.swift */ = {isa = PBXFileReference; lastKnownFileType = sourcecode.swift; path = MetalView.swift; sourceTree = "<group>"; };
		0C8E93BB1C88A8D10002A0DA /* BridgingHeader.h */ = {isa = PBXFileReference; lastKnownFileType = sourcecode.c.h; path = BridgingHeader.h; sourceTree = "<group>"; };
		0C8E93BC1C88A8D10002A0DA /* MatrixTransforms.c */ = {isa = PBXFileReference; lastKnownFileType = sourcecode.c.c; path = MatrixTransforms.c; sourceTree = "<group>"; };
		0C8E93BD1C88A8D10002A0DA /* MatrixTransforms.h */ = {isa = PBXFileReference; lastKnownFileType = sourcecode.c.h; path = MatrixTransforms.h; sourceTree = "<group>"; };
		0C8E93BE1C88A8D10002A0DA /* ShaderResourceIndices.h */ = {isa = PBXFileReference; lastKnownFileType = sourcecode.c.h; path = ShaderResourceIndices.h; sourceTree = "<group>"; };
		0C8E93BF1C88A8D10002A0DA /* ShaderUniforms.h */ = {isa = PBXFileReference; lastKnownFileType = sourcecode.c.h; path = ShaderUniforms.h; sourceTree = "<group>"; };
		0C8E93CB1C88AA350002A0DA /* Info.plist */ = {isa = PBXFileReference; fileEncoding = 4; lastKnownFileType = text.plist.xml; path = Info.plist; sourceTree = "<group>"; };
		0C8E93CD1C88AA3D0002A0DA /* Main.storyboard */ = {isa = PBXFileReference; lastKnownFileType = file.storyboard; path = Main.storyboard; sourceTree = "<group>"; };
		0C8E93CF1C88ACCF0002A0DA /* MetalCubeDemo.swift */ = {isa = PBXFileReference; fileEncoding = 4; lastKnownFileType = sourcecode.swift; path = MetalCubeDemo.swift; sourceTree = "<group>"; };
		0C8E93D11C88AD800002A0DA /* Info.plist */ = {isa = PBXFileReference; lastKnownFileType = text.plist.xml; path = Info.plist; sourceTree = "<group>"; };
		0C8E93D21C88AD800002A0DA /* Main.storyboard */ = {isa = PBXFileReference; lastKnownFileType = file.storyboard; path = Main.storyboard; sourceTree = "<group>"; };
		0C8E93DA1C88C4AE0002A0DA /* Info.plist */ = {isa = PBXFileReference; lastKnownFileType = text.plist.xml; path = Info.plist; sourceTree = "<group>"; };
		0C8E93DB1C88C4AE0002A0DA /* Main.storyboard */ = {isa = PBXFileReference; lastKnownFileType = file.storyboard; path = Main.storyboard; sourceTree = "<group>"; };
		0C8E93E21C88C4CD0002A0DA /* MetalTriangleDemo.swift */ = {isa = PBXFileReference; fileEncoding = 4; lastKnownFileType = sourcecode.swift; path = MetalTriangleDemo.swift; sourceTree = "<group>"; };
		0C9474D51C339EB1005933AC /* MetalTriangle.app */ = {isa = PBXFileReference; explicitFileType = wrapper.application; includeInIndex = 0; path = MetalTriangle.app; sourceTree = BUILT_PRODUCTS_DIR; };
		0CB58F521C5470FD00D5CAD8 /* Instancing.app */ = {isa = PBXFileReference; explicitFileType = wrapper.application; includeInIndex = 0; path = Instancing.app; sourceTree = BUILT_PRODUCTS_DIR; };
		0CDDA0771C7A9CED00135C7C /* MultiSample.app */ = {isa = PBXFileReference; explicitFileType = wrapper.application; includeInIndex = 0; path = MultiSample.app; sourceTree = BUILT_PRODUCTS_DIR; };
		0CEE0B6E1C8CC8CB002482FA /* textured_plane.obj */ = {isa = PBXFileReference; lastKnownFileType = text; path = textured_plane.obj; sourceTree = "<group>"; };
		0CEE0B7E1C8CCA1E002482FA /* lodepng.cpp */ = {isa = PBXFileReference; lastKnownFileType = sourcecode.cpp.cpp; path = lodepng.cpp; sourceTree = "<group>"; };
		0CEE0B7F1C8CCA1E002482FA /* lodepng.h */ = {isa = PBXFileReference; lastKnownFileType = sourcecode.c.h; path = lodepng.h; sourceTree = "<group>"; };
		0CEE0B801C8CCA1E002482FA /* lodepng_util.cpp */ = {isa = PBXFileReference; lastKnownFileType = sourcecode.cpp.cpp; path = lodepng_util.cpp; sourceTree = "<group>"; };
		0CEE0B811C8CCA1E002482FA /* lodepng_util.h */ = {isa = PBXFileReference; lastKnownFileType = sourcecode.c.h; path = lodepng_util.h; sourceTree = "<group>"; };
		0CEE0B881C8CCA1E002482FA /* tiny_obj_loader.cc */ = {isa = PBXFileReference; lastKnownFileType = sourcecode.cpp.cpp; path = tiny_obj_loader.cc; sourceTree = "<group>"; };
		0CEE0B891C8CCA1E002482FA /* tiny_obj_loader.h */ = {isa = PBXFileReference; lastKnownFileType = sourcecode.c.h; path = tiny_obj_loader.h; sourceTree = "<group>"; };
		0CEE0B8D1C8CCE75002482FA /* textured_plane.mtl */ = {isa = PBXFileReference; lastKnownFileType = text; path = textured_plane.mtl; sourceTree = "<group>"; };
/* End PBXFileReference section */

/* Begin PBXFrameworksBuildPhase section */
		0C3FED0E1C3B7D1E002E69FE /* Frameworks */ = {
			isa = PBXFrameworksBuildPhase;
			buildActionMask = 2147483647;
			files = (
			);
			runOnlyForDeploymentPostprocessing = 0;
		};
		0C4270D81C932FC500F5B519 /* Frameworks */ = {
			isa = PBXFrameworksBuildPhase;
			buildActionMask = 2147483647;
			files = (
			);
			runOnlyForDeploymentPostprocessing = 0;
		};
		0C9474D21C339EB1005933AC /* Frameworks */ = {
			isa = PBXFrameworksBuildPhase;
			buildActionMask = 2147483647;
			files = (
			);
			runOnlyForDeploymentPostprocessing = 0;
		};
		0CB58F4F1C5470FD00D5CAD8 /* Frameworks */ = {
			isa = PBXFrameworksBuildPhase;
			buildActionMask = 2147483647;
			files = (
			);
			runOnlyForDeploymentPostprocessing = 0;
		};
		0CDDA0701C7A9CED00135C7C /* Frameworks */ = {
			isa = PBXFrameworksBuildPhase;
			buildActionMask = 2147483647;
			files = (
			);
			runOnlyForDeploymentPostprocessing = 0;
		};
/* End PBXFrameworksBuildPhase section */

/* Begin PBXGroup section */
		0C4270BC1C932FA900F5B519 /* ObjcTriangle */ = {
			isa = PBXGroup;
			children = (
				0C4270BF1C932FA900F5B519 /* Assets */,
				0C4270C11C932FA900F5B519 /* Data */,
				0C4270BD1C932FA900F5B519 /* AppDelegate.h */,
				0C4270BE1C932FA900F5B519 /* AppDelegate.m */,
				0C4270C41C932FA900F5B519 /* DemoBase+protected.h */,
				0C4270C51C932FA900F5B519 /* DemoBase.h */,
				0C4270C61C932FA900F5B519 /* DemoBase.m */,
				0C4270C71C932FA900F5B519 /* main.m */,
				0C4270C81C932FA900F5B519 /* MetalRenderer.h */,
				0C4270C91C932FA900F5B519 /* MetalRenderer.mm */,
				0C4270CA1C932FA900F5B519 /* MetalView.h */,
				0C4270CB1C932FA900F5B519 /* MetalView.m */,
				0C4270CC1C932FA900F5B519 /* TriangleDemo.h */,
				0C4270CD1C932FA900F5B519 /* TriangleDemo.m */,
			);
			path = ObjcTriangle;
			sourceTree = "<group>";
		};
		0C4270BF1C932FA900F5B519 /* Assets */ = {
			isa = PBXGroup;
			children = (
				0C4270C01C932FA900F5B519 /* Shaders.metal */,
			);
			path = Assets;
			sourceTree = "<group>";
		};
		0C4270C11C932FA900F5B519 /* Data */ = {
			isa = PBXGroup;
			children = (
				0C4270C21C932FA900F5B519 /* Info.plist */,
				0C4270C31C932FA900F5B519 /* Main.storyboard */,
			);
			path = Data;
			sourceTree = "<group>";
		};
		0C8E93621C88A70C0002A0DA /* iOS */ = {
			isa = PBXGroup;
			children = (
			);
			name = iOS;
			path = Demos/iOS;
			sourceTree = "<group>";
		};
		0C8E93631C88A70C0002A0DA /* OSX */ = {
			isa = PBXGroup;
			children = (
				0C4270BC1C932FA900F5B519 /* ObjcTriangle */,
				0C8E93641C88A70C0002A0DA /* Instancing */,
				0C8E936E1C88A70C0002A0DA /* MetalCube */,
				0C8E937B1C88A70C0002A0DA /* MetalTriangle */,
				0C8E93891C88A70C0002A0DA /* MultiSample */,
			);
			name = OSX;
			path = Demos/OSX;
			sourceTree = "<group>";
		};
		0C8E93641C88A70C0002A0DA /* Instancing */ = {
			isa = PBXGroup;
			children = (
				0C8E93651C88A70C0002A0DA /* Assets */,
				0C8E93671C88A70C0002A0DA /* Data */,
				0C8E936C1C88A70C0002A0DA /* InstancingDemo.swift */,
				0C8E936D1C88A70C0002A0DA /* MetalRenderer.swift */,
			);
			path = Instancing;
			sourceTree = "<group>";
		};
		0C8E93651C88A70C0002A0DA /* Assets */ = {
			isa = PBXGroup;
			children = (
				0C8E93661C88A70C0002A0DA /* Shaders.metal */,
			);
			path = Assets;
			sourceTree = "<group>";
		};
		0C8E93671C88A70C0002A0DA /* Data */ = {
			isa = PBXGroup;
			children = (
				0C8E93B11C88A84F0002A0DA /* Info.plist */,
				0C8E93B21C88A84F0002A0DA /* Main.storyboard */,
			);
			path = Data;
			sourceTree = "<group>";
		};
		0C8E936E1C88A70C0002A0DA /* MetalCube */ = {
			isa = PBXGroup;
			children = (
				0C8E936F1C88A70C0002A0DA /* Assets */,
				0C8E93711C88A70C0002A0DA /* Data */,
				0C8E93CF1C88ACCF0002A0DA /* MetalCubeDemo.swift */,
				0C8E937A1C88A70C0002A0DA /* MetalRenderer.swift */,
			);
			path = MetalCube;
			sourceTree = "<group>";
		};
		0C8E936F1C88A70C0002A0DA /* Assets */ = {
			isa = PBXGroup;
			children = (
				0C8E93701C88A70C0002A0DA /* Shaders.metal */,
			);
			path = Assets;
			sourceTree = "<group>";
		};
		0C8E93711C88A70C0002A0DA /* Data */ = {
			isa = PBXGroup;
			children = (
				0C8E93D11C88AD800002A0DA /* Info.plist */,
				0C8E93D21C88AD800002A0DA /* Main.storyboard */,
			);
			path = Data;
			sourceTree = "<group>";
		};
		0C8E937B1C88A70C0002A0DA /* MetalTriangle */ = {
			isa = PBXGroup;
			children = (
				0C8E937C1C88A70C0002A0DA /* Assets */,
				0C8E937E1C88A70C0002A0DA /* Data */,
				0C8E93E21C88C4CD0002A0DA /* MetalTriangleDemo.swift */,
				0C8E93881C88A70C0002A0DA /* MetalRenderer.swift */,
			);
			path = MetalTriangle;
			sourceTree = "<group>";
		};
		0C8E937C1C88A70C0002A0DA /* Assets */ = {
			isa = PBXGroup;
			children = (
				0C8E937D1C88A70C0002A0DA /* Shaders.metal */,
			);
			path = Assets;
			sourceTree = "<group>";
		};
		0C8E937E1C88A70C0002A0DA /* Data */ = {
			isa = PBXGroup;
			children = (
				0C8E93DA1C88C4AE0002A0DA /* Info.plist */,
				0C8E93DB1C88C4AE0002A0DA /* Main.storyboard */,
			);
			path = Data;
			sourceTree = "<group>";
		};
		0C8E93891C88A70C0002A0DA /* MultiSample */ = {
			isa = PBXGroup;
			children = (
				0C8E938A1C88A70C0002A0DA /* Assets */,
				0C8E938C1C88A70C0002A0DA /* Data */,
				0C8E93941C88A70C0002A0DA /* MetalRenderer.swift */,
				0C8E93951C88A70C0002A0DA /* MultiSampleDemo.swift */,
			);
			path = MultiSample;
			sourceTree = "<group>";
		};
		0C8E938A1C88A70C0002A0DA /* Assets */ = {
			isa = PBXGroup;
			children = (
				0C8E938B1C88A70C0002A0DA /* Shaders.metal */,
			);
			path = Assets;
			sourceTree = "<group>";
		};
		0C8E938C1C88A70C0002A0DA /* Data */ = {
			isa = PBXGroup;
			children = (
				0C8E93CD1C88AA3D0002A0DA /* Main.storyboard */,
				0C8E93CB1C88AA350002A0DA /* Info.plist */,
			);
			path = Data;
			sourceTree = "<group>";
		};
		0C8E93961C88A7480002A0DA /* Shared */ = {
			isa = PBXGroup;
			children = (
				0C8E93971C88A7480002A0DA /* Assets */,
				0C8E93B41C88A8D10002A0DA /* iOS */,
				0C8E93B71C88A8D10002A0DA /* OSX */,
				0C8E93BB1C88A8D10002A0DA /* BridgingHeader.h */,
				0C8E93BC1C88A8D10002A0DA /* MatrixTransforms.c */,
				0C8E93BD1C88A8D10002A0DA /* MatrixTransforms.h */,
				0C8E93BE1C88A8D10002A0DA /* ShaderResourceIndices.h */,
				0C8E93BF1C88A8D10002A0DA /* ShaderUniforms.h */,
			);
			name = Shared;
			path = Demos/Shared;
			sourceTree = "<group>";
		};
		0C8E93971C88A7480002A0DA /* Assets */ = {
			isa = PBXGroup;
			children = (
				0CEE0B8D1C8CCE75002482FA /* textured_plane.mtl */,
				0CEE0B6E1C8CC8CB002482FA /* textured_plane.obj */,
			);
			path = Assets;
			sourceTree = "<group>";
		};
		0C8E93B41C88A8D10002A0DA /* iOS */ = {
			isa = PBXGroup;
			children = (
				0C8E93B51C88A8D10002A0DA /* AppDelegate.swift */,
				0C8E93B61C88A8D10002A0DA /* DemoBase.swift */,
			);
			path = iOS;
			sourceTree = "<group>";
		};
		0C8E93B71C88A8D10002A0DA /* OSX */ = {
			isa = PBXGroup;
			children = (
				0C8E93B81C88A8D10002A0DA /* AppDelegate.swift */,
				0C8E93B91C88A8D10002A0DA /* DemoBase.swift */,
				0C8E93BA1C88A8D10002A0DA /* MetalView.swift */,
			);
			path = OSX;
			sourceTree = "<group>";
		};
		0C9474CC1C339EB1005933AC = {
			isa = PBXGroup;
			children = (
				0CEE0B7C1C8CCA1D002482FA /* External */,
				0C8E93961C88A7480002A0DA /* Shared */,
				0C8E93621C88A70C0002A0DA /* iOS */,
				0C8E93631C88A70C0002A0DA /* OSX */,
				0C9474D61C339EB1005933AC /* Products */,
			);
			sourceTree = "<group>";
		};
		0C9474D61C339EB1005933AC /* Products */ = {
			isa = PBXGroup;
			children = (
				0C9474D51C339EB1005933AC /* MetalTriangle.app */,
				0C3FED191C3B7D1E002E69FE /* MetalCube.app */,
				0CB58F521C5470FD00D5CAD8 /* Instancing.app */,
				0CDDA0771C7A9CED00135C7C /* MultiSample.app */,
				0C4270DB1C932FC500F5B519 /* ObjcTriangle.app */,
			);
			name = Products;
			sourceTree = "<group>";
		};
		0CEE0B7C1C8CCA1D002482FA /* External */ = {
			isa = PBXGroup;
			children = (
				0CEE0B7D1C8CCA1D002482FA /* lodepng */,
				0CEE0B831C8CCA1E002482FA /* tinyobjloader */,
			);
			path = External;
			sourceTree = "<group>";
		};
		0CEE0B7D1C8CCA1D002482FA /* lodepng */ = {
			isa = PBXGroup;
			children = (
				0CEE0B7E1C8CCA1E002482FA /* lodepng.cpp */,
				0CEE0B7F1C8CCA1E002482FA /* lodepng.h */,
				0CEE0B801C8CCA1E002482FA /* lodepng_util.cpp */,
				0CEE0B811C8CCA1E002482FA /* lodepng_util.h */,
			);
			path = lodepng;
			sourceTree = "<group>";
		};
		0CEE0B831C8CCA1E002482FA /* tinyobjloader */ = {
			isa = PBXGroup;
			children = (
				0CEE0B881C8CCA1E002482FA /* tiny_obj_loader.cc */,
				0CEE0B891C8CCA1E002482FA /* tiny_obj_loader.h */,
			);
			path = tinyobjloader;
			sourceTree = "<group>";
		};
/* End PBXGroup section */

/* Begin PBXNativeTarget section */
		0C3FED041C3B7D1E002E69FE /* MetalCube */ = {
			isa = PBXNativeTarget;
			buildConfigurationList = 0C3FED161C3B7D1E002E69FE /* Build configuration list for PBXNativeTarget "MetalCube" */;
			buildPhases = (
				0C3FED051C3B7D1E002E69FE /* Sources */,
				0C3FED0E1C3B7D1E002E69FE /* Frameworks */,
				0C3FED0F1C3B7D1E002E69FE /* Resources */,
			);
			buildRules = (
			);
			dependencies = (
			);
			name = MetalCube;
			productName = MetalSwift;
			productReference = 0C3FED191C3B7D1E002E69FE /* MetalCube.app */;
			productType = "com.apple.product-type.application";
		};
		0C4270DA1C932FC500F5B519 /* ObjcTriangle */ = {
			isa = PBXNativeTarget;
			buildConfigurationList = 0C4270EC1C932FC500F5B519 /* Build configuration list for PBXNativeTarget "ObjcTriangle" */;
			buildPhases = (
				0C4270D71C932FC500F5B519 /* Sources */,
				0C4270D81C932FC500F5B519 /* Frameworks */,
				0C4270D91C932FC500F5B519 /* Resources */,
			);
			buildRules = (
			);
			dependencies = (
			);
			name = ObjcTriangle;
			productName = ObjcTriangle;
			productReference = 0C4270DB1C932FC500F5B519 /* ObjcTriangle.app */;
			productType = "com.apple.product-type.application";
		};
		0C9474D41C339EB1005933AC /* MetalTriangle */ = {
			isa = PBXNativeTarget;
			buildConfigurationList = 0C9474E41C339EB2005933AC /* Build configuration list for PBXNativeTarget "MetalTriangle" */;
			buildPhases = (
				0C9474D11C339EB1005933AC /* Sources */,
				0C9474D21C339EB1005933AC /* Frameworks */,
				0C9474D31C339EB1005933AC /* Resources */,
			);
			buildRules = (
			);
			dependencies = (
			);
			name = MetalTriangle;
			productName = MetalSwift;
			productReference = 0C9474D51C339EB1005933AC /* MetalTriangle.app */;
			productType = "com.apple.product-type.application";
		};
		0CB58F511C5470FD00D5CAD8 /* Instancing */ = {
			isa = PBXNativeTarget;
			buildConfigurationList = 0CB58F5E1C5470FD00D5CAD8 /* Build configuration list for PBXNativeTarget "Instancing" */;
			buildPhases = (
				0CB58F4E1C5470FD00D5CAD8 /* Sources */,
				0CB58F4F1C5470FD00D5CAD8 /* Frameworks */,
				0CB58F501C5470FD00D5CAD8 /* Resources */,
			);
			buildRules = (
			);
			dependencies = (
			);
			name = Instancing;
			productName = "Instancing-OSX";
			productReference = 0CB58F521C5470FD00D5CAD8 /* Instancing.app */;
			productType = "com.apple.product-type.application";
		};
		0CDDA0681C7A9CED00135C7C /* MultiSample */ = {
			isa = PBXNativeTarget;
			buildConfigurationList = 0CDDA0741C7A9CED00135C7C /* Build configuration list for PBXNativeTarget "MultiSample" */;
			buildPhases = (
				0CDDA0691C7A9CED00135C7C /* Sources */,
				0CDDA0701C7A9CED00135C7C /* Frameworks */,
				0CDDA0711C7A9CED00135C7C /* Resources */,
			);
			buildRules = (
			);
			dependencies = (
			);
			name = MultiSample;
			productName = "Instancing-OSX";
			productReference = 0CDDA0771C7A9CED00135C7C /* MultiSample.app */;
			productType = "com.apple.product-type.application";
		};
/* End PBXNativeTarget section */

/* Begin PBXProject section */
		0C9474CD1C339EB1005933AC /* Project object */ = {
			isa = PBXProject;
			attributes = {
				LastSwiftUpdateCheck = 0720;
				LastUpgradeCheck = 0720;
				ORGANIZATIONNAME = none;
				TargetAttributes = {
					0C4270DA1C932FC500F5B519 = {
						CreatedOnToolsVersion = 7.2.1;
					};
					0C9474D41C339EB1005933AC = {
						CreatedOnToolsVersion = 7.2;
					};
					0CB58F511C5470FD00D5CAD8 = {
						CreatedOnToolsVersion = 7.2;
					};
				};
			};
			buildConfigurationList = 0C9474D01C339EB1005933AC /* Build configuration list for PBXProject "MetalDemos" */;
			compatibilityVersion = "Xcode 3.2";
			developmentRegion = English;
			hasScannedForEncodings = 0;
			knownRegions = (
				en,
				Base,
			);
			mainGroup = 0C9474CC1C339EB1005933AC;
			productRefGroup = 0C9474D61C339EB1005933AC /* Products */;
			projectDirPath = "";
			projectRoot = "";
			targets = (
				0C9474D41C339EB1005933AC /* MetalTriangle */,
				0C3FED041C3B7D1E002E69FE /* MetalCube */,
				0CB58F511C5470FD00D5CAD8 /* Instancing */,
				0CDDA0681C7A9CED00135C7C /* MultiSample */,
				0C4270DA1C932FC500F5B519 /* ObjcTriangle */,
			);
		};
/* End PBXProject section */

/* Begin PBXResourcesBuildPhase section */
		0C3FED0F1C3B7D1E002E69FE /* Resources */ = {
			isa = PBXResourcesBuildPhase;
			buildActionMask = 2147483647;
			files = (
				0C8E93D31C88AD890002A0DA /* Main.storyboard in Resources */,
			);
			runOnlyForDeploymentPostprocessing = 0;
		};
		0C4270D91C932FC500F5B519 /* Resources */ = {
			isa = PBXResourcesBuildPhase;
			buildActionMask = 2147483647;
			files = (
				0C4270F61C93300100F5B519 /* Main.storyboard in Resources */,
			);
			runOnlyForDeploymentPostprocessing = 0;
		};
		0C9474D31C339EB1005933AC /* Resources */ = {
			isa = PBXResourcesBuildPhase;
			buildActionMask = 2147483647;
			files = (
				0C4270D01C932FA900F5B519 /* Info.plist in Resources */,
				0C8E93DC1C88C4B50002A0DA /* Main.storyboard in Resources */,
			);
			runOnlyForDeploymentPostprocessing = 0;
		};
		0CB58F501C5470FD00D5CAD8 /* Resources */ = {
			isa = PBXResourcesBuildPhase;
			buildActionMask = 2147483647;
			files = (
				0C8E93B31C88A8560002A0DA /* Main.storyboard in Resources */,
			);
			runOnlyForDeploymentPostprocessing = 0;
		};
		0CDDA0711C7A9CED00135C7C /* Resources */ = {
			isa = PBXResourcesBuildPhase;
			buildActionMask = 2147483647;
			files = (
				0C8E93CE1C88AA400002A0DA /* Main.storyboard in Resources */,
			);
			runOnlyForDeploymentPostprocessing = 0;
		};
/* End PBXResourcesBuildPhase section */

/* Begin PBXSourcesBuildPhase section */
		0C3FED051C3B7D1E002E69FE /* Sources */ = {
			isa = PBXSourcesBuildPhase;
			buildActionMask = 2147483647;
			files = (
				0C8E93D51C88AD980002A0DA /* AppDelegate.swift in Sources */,
				0C8E93D61C88AD980002A0DA /* DemoBase.swift in Sources */,
				0C8E93D71C88AD980002A0DA /* MetalView.swift in Sources */,
				0C8E93D81C88AD980002A0DA /* MatrixTransforms.c in Sources */,
				0C8E93D01C88ACCF0002A0DA /* MetalCubeDemo.swift in Sources */,
				0C8E93D91C88AFD30002A0DA /* Shaders.metal in Sources */,
				0C8E93D41C88AD8C0002A0DA /* MetalRenderer.swift in Sources */,
			);
			runOnlyForDeploymentPostprocessing = 0;
		};
		0C4270D71C932FC500F5B519 /* Sources */ = {
			isa = PBXSourcesBuildPhase;
			buildActionMask = 2147483647;
			files = (
				0C4270F51C932FF900F5B519 /* Shaders.metal in Sources */,
				0C4270EF1C932FF000F5B519 /* AppDelegate.m in Sources */,
				0C4270F01C932FF000F5B519 /* DemoBase.m in Sources */,
				0C4270F11C932FF000F5B519 /* main.m in Sources */,
				0C4270F21C932FF000F5B519 /* MetalRenderer.mm in Sources */,
				0C4270F31C932FF000F5B519 /* MetalView.m in Sources */,
				0C4270F41C932FF000F5B519 /* TriangleDemo.m in Sources */,
			);
			runOnlyForDeploymentPostprocessing = 0;
		};
		0C9474D11C339EB1005933AC /* Sources */ = {
			isa = PBXSourcesBuildPhase;
			buildActionMask = 2147483647;
			files = (
				0C8E93DD1C88C4C20002A0DA /* AppDelegate.swift in Sources */,
				0C8E93DE1C88C4C20002A0DA /* DemoBase.swift in Sources */,
				0C8E93DF1C88C4C20002A0DA /* MetalView.swift in Sources */,
				0C8E93E01C88C4C20002A0DA /* Shaders.metal in Sources */,
				0C8E93E11C88C4C20002A0DA /* MetalRenderer.swift in Sources */,
				0C8E93E31C88C4CD0002A0DA /* MetalTriangleDemo.swift in Sources */,
			);
			runOnlyForDeploymentPostprocessing = 0;
		};
		0CB58F4E1C5470FD00D5CAD8 /* Sources */ = {
			isa = PBXSourcesBuildPhase;
			buildActionMask = 2147483647;
			files = (
				0C8E93C31C88A91F0002A0DA /* MatrixTransforms.c in Sources */,
				0C8E93C01C88A9030002A0DA /* MetalView.swift in Sources */,
				0C8E93AE1C88A7AB0002A0DA /* Shaders.metal in Sources */,
				0C8E93AF1C88A7AB0002A0DA /* InstancingDemo.swift in Sources */,
				0C8E93C21C88A9060002A0DA /* AppDelegate.swift in Sources */,
				0C8E93B01C88A7AB0002A0DA /* MetalRenderer.swift in Sources */,
				0C8E93C11C88A9050002A0DA /* DemoBase.swift in Sources */,
			);
			runOnlyForDeploymentPostprocessing = 0;
		};
		0CDDA0691C7A9CED00135C7C /* Sources */ = {
			isa = PBXSourcesBuildPhase;
			buildActionMask = 2147483647;
			files = (
				0C8E93C41C88A9F80002A0DA /* AppDelegate.swift in Sources */,
				0C8E93C51C88A9F80002A0DA /* DemoBase.swift in Sources */,
				0C8E93C61C88A9F80002A0DA /* MetalView.swift in Sources */,
				0C8E93C71C88A9F80002A0DA /* MatrixTransforms.c in Sources */,
				0C8E93C81C88A9F80002A0DA /* Shaders.metal in Sources */,
				0C8E93C91C88A9F80002A0DA /* MetalRenderer.swift in Sources */,
				0C8E93CA1C88A9F80002A0DA /* MultiSampleDemo.swift in Sources */,
			);
			runOnlyForDeploymentPostprocessing = 0;
		};
/* End PBXSourcesBuildPhase section */

/* Begin XCBuildConfiguration section */
		0C3FED171C3B7D1E002E69FE /* Debug */ = {
			isa = XCBuildConfiguration;
			buildSettings = {
				ASSETCATALOG_COMPILER_APPICON_NAME = AppIcon;
				COMBINE_HIDPI_IMAGES = YES;
				HEADER_SEARCH_PATHS = Shared/Source;
				INFOPLIST_FILE = Demos/OSX/MetalCube/Data/Info.plist;
				LD_RUNPATH_SEARCH_PATHS = "$(inherited) @executable_path/../Frameworks";
				MTL_HEADER_SEARCH_PATHS = "$(PROJECT_DIR)/Demos/Shared";
				MTL_PREPROCESSOR_DEFINITIONS = "METAL=1";
				OTHER_SWIFT_FLAGS = "";
				PRODUCT_BUNDLE_IDENTIFIER = none.MetalSwift;
				PRODUCT_NAME = "$(TARGET_NAME)";
				SWIFT_OBJC_BRIDGING_HEADER = Demos/Shared/BridgingHeader.h;
			};
			name = Debug;
		};
		0C3FED181C3B7D1E002E69FE /* Release */ = {
			isa = XCBuildConfiguration;
			buildSettings = {
				ASSETCATALOG_COMPILER_APPICON_NAME = AppIcon;
				COMBINE_HIDPI_IMAGES = YES;
				HEADER_SEARCH_PATHS = Shared/Source;
				INFOPLIST_FILE = Demos/OSX/MetalCube/Data/Info.plist;
				LD_RUNPATH_SEARCH_PATHS = "$(inherited) @executable_path/../Frameworks";
				MTL_HEADER_SEARCH_PATHS = "$(PROJECT_DIR)/Demos/Shared";
				MTL_PREPROCESSOR_DEFINITIONS = "METAL=1";
				OTHER_CPLUSPLUSFLAGS = "";
				OTHER_SWIFT_FLAGS = "";
				PRODUCT_BUNDLE_IDENTIFIER = none.MetalSwift;
				PRODUCT_NAME = "$(TARGET_NAME)";
				SWIFT_OBJC_BRIDGING_HEADER = Demos/Shared/BridgingHeader.h;
			};
			name = Release;
		};
		0C4270ED1C932FC500F5B519 /* Debug */ = {
			isa = XCBuildConfiguration;
			buildSettings = {
				ASSETCATALOG_COMPILER_APPICON_NAME = AppIcon;
				COMBINE_HIDPI_IMAGES = YES;
				GCC_INPUT_FILETYPE = automatic;
				INFOPLIST_FILE = Demos/OSX/ObjcTriangle/Data/Info.plist;
				LD_RUNPATH_SEARCH_PATHS = "$(inherited) @executable_path/../Frameworks";
				PRODUCT_BUNDLE_IDENTIFIER = none.ObjcTriangle;
				PRODUCT_NAME = "$(TARGET_NAME)";
			};
			name = Debug;
		};
		0C4270EE1C932FC500F5B519 /* Release */ = {
			isa = XCBuildConfiguration;
			buildSettings = {
				ASSETCATALOG_COMPILER_APPICON_NAME = AppIcon;
				COMBINE_HIDPI_IMAGES = YES;
				GCC_INPUT_FILETYPE = automatic;
				INFOPLIST_FILE = Demos/OSX/ObjcTriangle/Data/Info.plist;
				LD_RUNPATH_SEARCH_PATHS = "$(inherited) @executable_path/../Frameworks";
				PRODUCT_BUNDLE_IDENTIFIER = none.ObjcTriangle;
				PRODUCT_NAME = "$(TARGET_NAME)";
			};
			name = Release;
		};
		0C9474E21C339EB2005933AC /* Debug */ = {
			isa = XCBuildConfiguration;
			buildSettings = {
				ALWAYS_SEARCH_USER_PATHS = NO;
				CLANG_CXX_LANGUAGE_STANDARD = "gnu++0x";
				CLANG_CXX_LIBRARY = "libc++";
				CLANG_ENABLE_MODULES = YES;
				CLANG_ENABLE_OBJC_ARC = YES;
				CLANG_WARN_BOOL_CONVERSION = YES;
				CLANG_WARN_CONSTANT_CONVERSION = YES;
				CLANG_WARN_DIRECT_OBJC_ISA_USAGE = YES_ERROR;
				CLANG_WARN_EMPTY_BODY = YES;
				CLANG_WARN_ENUM_CONVERSION = YES;
				CLANG_WARN_INT_CONVERSION = YES;
				CLANG_WARN_OBJC_ROOT_CLASS = YES_ERROR;
				CLANG_WARN_UNREACHABLE_CODE = YES;
				CLANG_WARN__DUPLICATE_METHOD_MATCH = YES;
				CODE_SIGN_IDENTITY = "-";
				COPY_PHASE_STRIP = NO;
				DEBUG_INFORMATION_FORMAT = dwarf;
				ENABLE_STRICT_OBJC_MSGSEND = YES;
				ENABLE_TESTABILITY = YES;
				GCC_C_LANGUAGE_STANDARD = gnu99;
				GCC_DYNAMIC_NO_PIC = NO;
				GCC_NO_COMMON_BLOCKS = YES;
				GCC_OPTIMIZATION_LEVEL = 0;
				GCC_PREPROCESSOR_DEFINITIONS = (
					"DEBUG=1",
					"$(inherited)",
				);
				GCC_WARN_64_TO_32_BIT_CONVERSION = YES;
				GCC_WARN_ABOUT_RETURN_TYPE = YES_ERROR;
				GCC_WARN_UNDECLARED_SELECTOR = YES;
				GCC_WARN_UNINITIALIZED_AUTOS = YES_AGGRESSIVE;
				GCC_WARN_UNUSED_FUNCTION = YES;
				GCC_WARN_UNUSED_VARIABLE = YES;
				HEADER_SEARCH_PATHS = Demos/Shared;
				MACOSX_DEPLOYMENT_TARGET = 10.11;
				MTL_ENABLE_DEBUG_INFO = YES;
				MTL_HEADER_SEARCH_PATHS = "$(PROJECT_DIR)/$(TARGET_NAME)Demos/Shared";
				MTL_PREPROCESSOR_DEFINITIONS = "METAL=1";
				ONLY_ACTIVE_ARCH = YES;
				OTHER_SWIFT_FLAGS = "-DSWIFT";
				SDKROOT = macosx;
				SWIFT_OBJC_BRIDGING_HEADER = Demos/Shared/BridgingHeader.h;
				SWIFT_OPTIMIZATION_LEVEL = "-Onone";
			};
			name = Debug;
		};
		0C9474E31C339EB2005933AC /* Release */ = {
			isa = XCBuildConfiguration;
			buildSettings = {
				ALWAYS_SEARCH_USER_PATHS = NO;
				CLANG_CXX_LANGUAGE_STANDARD = "gnu++0x";
				CLANG_CXX_LIBRARY = "libc++";
				CLANG_ENABLE_MODULES = YES;
				CLANG_ENABLE_OBJC_ARC = YES;
				CLANG_WARN_BOOL_CONVERSION = YES;
				CLANG_WARN_CONSTANT_CONVERSION = YES;
				CLANG_WARN_DIRECT_OBJC_ISA_USAGE = YES_ERROR;
				CLANG_WARN_EMPTY_BODY = YES;
				CLANG_WARN_ENUM_CONVERSION = YES;
				CLANG_WARN_INT_CONVERSION = YES;
				CLANG_WARN_OBJC_ROOT_CLASS = YES_ERROR;
				CLANG_WARN_UNREACHABLE_CODE = YES;
				CLANG_WARN__DUPLICATE_METHOD_MATCH = YES;
				CODE_SIGN_IDENTITY = "-";
				COPY_PHASE_STRIP = NO;
				DEBUG_INFORMATION_FORMAT = "dwarf-with-dsym";
				ENABLE_NS_ASSERTIONS = NO;
				ENABLE_STRICT_OBJC_MSGSEND = YES;
				GCC_C_LANGUAGE_STANDARD = gnu99;
				GCC_NO_COMMON_BLOCKS = YES;
				GCC_WARN_64_TO_32_BIT_CONVERSION = YES;
				GCC_WARN_ABOUT_RETURN_TYPE = YES_ERROR;
				GCC_WARN_UNDECLARED_SELECTOR = YES;
				GCC_WARN_UNINITIALIZED_AUTOS = YES_AGGRESSIVE;
				GCC_WARN_UNUSED_FUNCTION = YES;
				GCC_WARN_UNUSED_VARIABLE = YES;
				HEADER_SEARCH_PATHS = Demos/Shared;
				MACOSX_DEPLOYMENT_TARGET = 10.11;
				MTL_ENABLE_DEBUG_INFO = NO;
				"MTL_ENABLE_DEBUG_INFO[sdk=*]" = NO;
				MTL_HEADER_SEARCH_PATHS = "$(PROJECT_DIR)/$(TARGET_NAME)Demos/Shared";
				MTL_PREPROCESSOR_DEFINITIONS = "METAL=1";
				OTHER_SWIFT_FLAGS = "-DSWIFT";
				SDKROOT = macosx;
				SWIFT_OBJC_BRIDGING_HEADER = Demos/Shared/BridgingHeader.h;
			};
			name = Release;
		};
		0C9474E51C339EB2005933AC /* Debug */ = {
			isa = XCBuildConfiguration;
			buildSettings = {
				ASSETCATALOG_COMPILER_APPICON_NAME = AppIcon;
				COMBINE_HIDPI_IMAGES = YES;
				INFOPLIST_FILE = Demos/OSX/MetalTriangle/Data/Info.plist;
				LD_RUNPATH_SEARCH_PATHS = "$(inherited) @executable_path/../Frameworks";
				PRODUCT_BUNDLE_IDENTIFIER = none.MetalSwift;
				PRODUCT_NAME = "$(TARGET_NAME)";
				SWIFT_OBJC_BRIDGING_HEADER = Demos/Shared/BridgingHeader.h;
			};
			name = Debug;
		};
		0C9474E61C339EB2005933AC /* Release */ = {
			isa = XCBuildConfiguration;
			buildSettings = {
				ASSETCATALOG_COMPILER_APPICON_NAME = AppIcon;
				COMBINE_HIDPI_IMAGES = YES;
				INFOPLIST_FILE = Demos/OSX/MetalTriangle/Data/Info.plist;
				LD_RUNPATH_SEARCH_PATHS = "$(inherited) @executable_path/../Frameworks";
				PRODUCT_BUNDLE_IDENTIFIER = none.MetalSwift;
				PRODUCT_NAME = "$(TARGET_NAME)";
				SWIFT_OBJC_BRIDGING_HEADER = Demos/Shared/BridgingHeader.h;
			};
			name = Release;
		};
		0CB58F5F1C5470FD00D5CAD8 /* Debug */ = {
			isa = XCBuildConfiguration;
			buildSettings = {
				ALWAYS_SEARCH_USER_PATHS = NO;
				ASSETCATALOG_COMPILER_APPICON_NAME = AppIcon;
				COMBINE_HIDPI_IMAGES = YES;
				HEADER_SEARCH_PATHS = Demos/Shared;
				INFOPLIST_FILE = Demos/OSX/Instancing/Data/Info.plist;
				LD_RUNPATH_SEARCH_PATHS = "$(inherited) @executable_path/../Frameworks";
				MTL_HEADER_SEARCH_PATHS = "$(PROJECT_DIR)/Demos/Shared";
				PRODUCT_BUNDLE_IDENTIFIER = "none.Instancing-OSX";
				PRODUCT_NAME = "$(TARGET_NAME)";
				SWIFT_OBJC_BRIDGING_HEADER = Demos/Shared/BridgingHeader.h;
			};
			name = Debug;
		};
		0CB58F601C5470FD00D5CAD8 /* Release */ = {
			isa = XCBuildConfiguration;
			buildSettings = {
				ALWAYS_SEARCH_USER_PATHS = NO;
				ASSETCATALOG_COMPILER_APPICON_NAME = AppIcon;
				COMBINE_HIDPI_IMAGES = YES;
				HEADER_SEARCH_PATHS = Demos/Shared;
				INFOPLIST_FILE = Demos/OSX/Instancing/Data/Info.plist;
				LD_RUNPATH_SEARCH_PATHS = "$(inherited) @executable_path/../Frameworks";
				MTL_HEADER_SEARCH_PATHS = "$(PROJECT_DIR)/Demos/Shared";
				PRODUCT_BUNDLE_IDENTIFIER = "none.Instancing-OSX";
				PRODUCT_NAME = "$(TARGET_NAME)";
				SWIFT_OBJC_BRIDGING_HEADER = Demos/Shared/BridgingHeader.h;
			};
			name = Release;
		};
		0CDDA0751C7A9CED00135C7C /* Debug */ = {
			isa = XCBuildConfiguration;
			buildSettings = {
				ASSETCATALOG_COMPILER_APPICON_NAME = AppIcon;
				COMBINE_HIDPI_IMAGES = YES;
				HEADER_SEARCH_PATHS = Shared/Source;
				INFOPLIST_FILE = Demos/OSX/MultiSample/Data/Info.plist;
				LD_RUNPATH_SEARCH_PATHS = "$(inherited) @executable_path/../Frameworks";
				MTL_HEADER_SEARCH_PATHS = "$(PROJECT_DIR)/Demos/Shared";
				PRODUCT_BUNDLE_IDENTIFIER = "none.MultiSample-OSX";
				PRODUCT_NAME = "$(TARGET_NAME)";
				SWIFT_OBJC_BRIDGING_HEADER = Demos/Shared/BridgingHeader.h;
			};
			name = Debug;
		};
		0CDDA0761C7A9CED00135C7C /* Release */ = {
			isa = XCBuildConfiguration;
			buildSettings = {
				ASSETCATALOG_COMPILER_APPICON_NAME = AppIcon;
				COMBINE_HIDPI_IMAGES = YES;
				HEADER_SEARCH_PATHS = Shared/Source;
				INFOPLIST_FILE = Demos/OSX/MultiSample/Data/Info.plist;
				LD_RUNPATH_SEARCH_PATHS = "$(inherited) @executable_path/../Frameworks";
				MTL_HEADER_SEARCH_PATHS = "$(PROJECT_DIR)/Demos/Shared";
				PRODUCT_BUNDLE_IDENTIFIER = "none.MultiSample-OSX";
				PRODUCT_NAME = "$(TARGET_NAME)";
				SWIFT_OBJC_BRIDGING_HEADER = Demos/Shared/BridgingHeader.h;
			};
			name = Release;
		};
/* End XCBuildConfiguration section */

/* Begin XCConfigurationList section */
		0C3FED161C3B7D1E002E69FE /* Build configuration list for PBXNativeTarget "MetalCube" */ = {
			isa = XCConfigurationList;
			buildConfigurations = (
				0C3FED171C3B7D1E002E69FE /* Debug */,
				0C3FED181C3B7D1E002E69FE /* Release */,
			);
			defaultConfigurationIsVisible = 0;
			defaultConfigurationName = Release;
		};
		0C4270EC1C932FC500F5B519 /* Build configuration list for PBXNativeTarget "ObjcTriangle" */ = {
			isa = XCConfigurationList;
			buildConfigurations = (
				0C4270ED1C932FC500F5B519 /* Debug */,
				0C4270EE1C932FC500F5B519 /* Release */,
			);
			defaultConfigurationIsVisible = 0;
		};
		0C9474D01C339EB1005933AC /* Build configuration list for PBXProject "MetalDemos" */ = {
			isa = XCConfigurationList;
			buildConfigurations = (
				0C9474E21C339EB2005933AC /* Debug */,
				0C9474E31C339EB2005933AC /* Release */,
			);
			defaultConfigurationIsVisible = 0;
			defaultConfigurationName = Release;
		};
		0C9474E41C339EB2005933AC /* Build configuration list for PBXNativeTarget "MetalTriangle" */ = {
			isa = XCConfigurationList;
			buildConfigurations = (
				0C9474E51C339EB2005933AC /* Debug */,
				0C9474E61C339EB2005933AC /* Release */,
			);
			defaultConfigurationIsVisible = 0;
			defaultConfigurationName = Release;
		};
		0CB58F5E1C5470FD00D5CAD8 /* Build configuration list for PBXNativeTarget "Instancing" */ = {
			isa = XCConfigurationList;
			buildConfigurations = (
				0CB58F5F1C5470FD00D5CAD8 /* Debug */,
				0CB58F601C5470FD00D5CAD8 /* Release */,
			);
			defaultConfigurationIsVisible = 0;
			defaultConfigurationName = Release;
		};
		0CDDA0741C7A9CED00135C7C /* Build configuration list for PBXNativeTarget "MultiSample" */ = {
			isa = XCConfigurationList;
			buildConfigurations = (
				0CDDA0751C7A9CED00135C7C /* Debug */,
				0CDDA0761C7A9CED00135C7C /* Release */,
			);
			defaultConfigurationIsVisible = 0;
			defaultConfigurationName = Release;
		};
/* End XCConfigurationList section */
	};
	rootObject = 0C9474CD1C339EB1005933AC /* Project object */;
}
