// !$*UTF8*$!
{
	archiveVersion = 1;
	classes = {
	};
	objectVersion = 46;
	objects = {

/* Begin PBXBuildFile section */
		0C3CCD9E1C7ADF9000D38457 /* MetalRenderer.swift in Sources */ = {isa = PBXBuildFile; fileRef = 0C3CCD9C1C7ADF9000D38457 /* MetalRenderer.swift */; };
		0C3CCD9F1C7ADFB700D38457 /* AppDelegate.swift in Sources */ = {isa = PBXBuildFile; fileRef = 0CF2C4211C7AA189009EA0C4 /* AppDelegate.swift */; };
		0C3CCDA01C7ADFB700D38457 /* MetalView.swift in Sources */ = {isa = PBXBuildFile; fileRef = 0CF2C4221C7AA189009EA0C4 /* MetalView.swift */; };
		0C3CCDA11C7ADFB700D38457 /* MetalViewController.swift in Sources */ = {isa = PBXBuildFile; fileRef = 0CF2C4231C7AA189009EA0C4 /* MetalViewController.swift */; };
		0C3CCDA21C7ADFCA00D38457 /* Main.storyboard in Resources */ = {isa = PBXBuildFile; fileRef = 0C3CCD831C7ADEFF00D38457 /* Main.storyboard */; };
		0C3CCDA31C7ADFCE00D38457 /* Shaders.metal in Sources */ = {isa = PBXBuildFile; fileRef = 0C3CCD791C7ADEFF00D38457 /* Shaders.metal */; };
		0C3CCDA41C7AE04000D38457 /* Shaders.metal in Sources */ = {isa = PBXBuildFile; fileRef = 0C3CCD791C7ADEFF00D38457 /* Shaders.metal */; };
		0C3CCDA51C7AE04300D38457 /* Assets.xcassets in Resources */ = {isa = PBXBuildFile; fileRef = 0C3CCD7C1C7ADEFF00D38457 /* Assets.xcassets */; };
		0C3CCDA81C7AE04C00D38457 /* MetalRenderer.swift in Sources */ = {isa = PBXBuildFile; fileRef = 0C3CCD9C1C7ADF9000D38457 /* MetalRenderer.swift */; };
		0C3CCDA91C7AE05500D38457 /* AppDelegate.swift in Sources */ = {isa = PBXBuildFile; fileRef = 0CF2C4961C7ACA5D009EA0C4 /* AppDelegate.swift */; };
		0C3CCDAA1C7AE05600D38457 /* MetalViewControllerIOS.swift in Sources */ = {isa = PBXBuildFile; fileRef = 0CF2C4971C7ACA5D009EA0C4 /* MetalViewControllerIOS.swift */; };
		0C3CCDAB1C7AE1E800D38457 /* Main.storyboard in Resources */ = {isa = PBXBuildFile; fileRef = 0C3CCD7F1C7ADEFF00D38457 /* Main.storyboard */; };
		0C3CCDAC1C7AE1EA00D38457 /* LaunchScreen.storyboard in Resources */ = {isa = PBXBuildFile; fileRef = 0C3CCD7E1C7ADEFF00D38457 /* LaunchScreen.storyboard */; };
		0C3CCDCF1C7AE37200D38457 /* Main.storyboard in Resources */ = {isa = PBXBuildFile; fileRef = 0C3CCDC91C7AE35600D38457 /* Main.storyboard */; };
		0C3CCDD01C7AE37E00D38457 /* MetalRenderer.swift in Sources */ = {isa = PBXBuildFile; fileRef = 0C3CCDCA1C7AE35600D38457 /* MetalRenderer.swift */; };
		0C3CCDD11C7AE50200D38457 /* Shaders.metal in Sources */ = {isa = PBXBuildFile; fileRef = 0CF2C4331C7AA381009EA0C4 /* Shaders.metal */; };
		0CF2C42A1C7AA1A3009EA0C4 /* MatrixTransforms.c in Sources */ = {isa = PBXBuildFile; fileRef = 0CF2C41E1C7AA189009EA0C4 /* MatrixTransforms.c */; };
		0CF2C42B1C7AA1A3009EA0C4 /* AppDelegate.swift in Sources */ = {isa = PBXBuildFile; fileRef = 0CF2C4211C7AA189009EA0C4 /* AppDelegate.swift */; };
		0CF2C42C1C7AA1A3009EA0C4 /* MetalView.swift in Sources */ = {isa = PBXBuildFile; fileRef = 0CF2C4221C7AA189009EA0C4 /* MetalView.swift */; };
		0CF2C42D1C7AA1A3009EA0C4 /* MetalViewController.swift in Sources */ = {isa = PBXBuildFile; fileRef = 0CF2C4231C7AA189009EA0C4 /* MetalViewController.swift */; };
		0CF2C43E1C7AA39B009EA0C4 /* MetalRenderer.swift in Sources */ = {isa = PBXBuildFile; fileRef = 0CF2C4391C7AA381009EA0C4 /* MetalRenderer.swift */; };
		0CF2C43F1C7AA3A2009EA0C4 /* Main.storyboard in Resources */ = {isa = PBXBuildFile; fileRef = 0CF2C4381C7AA381009EA0C4 /* Main.storyboard */; };
		0CF2C4601C7AA4B1009EA0C4 /* AppDelegate.swift in Sources */ = {isa = PBXBuildFile; fileRef = 0CF2C4211C7AA189009EA0C4 /* AppDelegate.swift */; };
		0CF2C4611C7AA4B1009EA0C4 /* MetalView.swift in Sources */ = {isa = PBXBuildFile; fileRef = 0CF2C4221C7AA189009EA0C4 /* MetalView.swift */; };
		0CF2C4621C7AA4B1009EA0C4 /* MetalViewController.swift in Sources */ = {isa = PBXBuildFile; fileRef = 0CF2C4231C7AA189009EA0C4 /* MetalViewController.swift */; };
		0CF2C4631C7AA4B1009EA0C4 /* MatrixTransforms.c in Sources */ = {isa = PBXBuildFile; fileRef = 0CF2C41E1C7AA189009EA0C4 /* MatrixTransforms.c */; };
		0CF2C48E1C7AC81E009EA0C4 /* Main.storyboard in Resources */ = {isa = PBXBuildFile; fileRef = 0CF2C4701C7AAADA009EA0C4 /* Main.storyboard */; };
		0CF2C4901C7AC82B009EA0C4 /* MetalRenderer.swift in Sources */ = {isa = PBXBuildFile; fileRef = 0CF2C48C1C7AC6F7009EA0C4 /* MetalRenderer.swift */; };
		0CF2C4911C7AC839009EA0C4 /* AppDelegate.swift in Sources */ = {isa = PBXBuildFile; fileRef = 0CF2C4211C7AA189009EA0C4 /* AppDelegate.swift */; };
		0CF2C4921C7AC839009EA0C4 /* MetalView.swift in Sources */ = {isa = PBXBuildFile; fileRef = 0CF2C4221C7AA189009EA0C4 /* MetalView.swift */; };
		0CF2C4931C7AC839009EA0C4 /* MetalViewController.swift in Sources */ = {isa = PBXBuildFile; fileRef = 0CF2C4231C7AA189009EA0C4 /* MetalViewController.swift */; };
		0CF2C4941C7AC839009EA0C4 /* MatrixTransforms.c in Sources */ = {isa = PBXBuildFile; fileRef = 0CF2C41E1C7AA189009EA0C4 /* MatrixTransforms.c */; };
		0CF2C4951C7AC8B0009EA0C4 /* Shaders.metal in Sources */ = {isa = PBXBuildFile; fileRef = 0CF2C4661C7AAADA009EA0C4 /* Shaders.metal */; };
		0CF2C4981C7ACAFD009EA0C4 /* Assets.xcassets in Resources */ = {isa = PBXBuildFile; fileRef = 0CF2C4691C7AAADA009EA0C4 /* Assets.xcassets */; };
		0CF2C4991C7ACAFD009EA0C4 /* LaunchScreen.storyboard in Resources */ = {isa = PBXBuildFile; fileRef = 0CF2C46B1C7AAADA009EA0C4 /* LaunchScreen.storyboard */; };
		0CF2C49A1C7ACAFD009EA0C4 /* Main.storyboard in Resources */ = {isa = PBXBuildFile; fileRef = 0CF2C46C1C7AAADA009EA0C4 /* Main.storyboard */; };
		0CF2C49F1C7ACB1E009EA0C4 /* Shaders.metal in Sources */ = {isa = PBXBuildFile; fileRef = 0CF2C4661C7AAADA009EA0C4 /* Shaders.metal */; };
		0CF2C4A01C7ACB21009EA0C4 /* MetalRenderer.swift in Sources */ = {isa = PBXBuildFile; fileRef = 0CF2C48C1C7AC6F7009EA0C4 /* MetalRenderer.swift */; };
		0CF2C4A11C7ACB2C009EA0C4 /* AppDelegate.swift in Sources */ = {isa = PBXBuildFile; fileRef = 0CF2C4961C7ACA5D009EA0C4 /* AppDelegate.swift */; };
		0CF2C4A21C7ACB2C009EA0C4 /* MetalViewControllerIOS.swift in Sources */ = {isa = PBXBuildFile; fileRef = 0CF2C4971C7ACA5D009EA0C4 /* MetalViewControllerIOS.swift */; };
		0CF2C4A31C7ACB2C009EA0C4 /* MatrixTransforms.c in Sources */ = {isa = PBXBuildFile; fileRef = 0CF2C41E1C7AA189009EA0C4 /* MatrixTransforms.c */; };
/* End PBXBuildFile section */

/* Begin PBXFileReference section */
		0C3CCD791C7ADEFF00D38457 /* Shaders.metal */ = {isa = PBXFileReference; fileEncoding = 4; lastKnownFileType = sourcecode.metal; path = Shaders.metal; sourceTree = "<group>"; };
		0C3CCD7C1C7ADEFF00D38457 /* Assets.xcassets */ = {isa = PBXFileReference; lastKnownFileType = folder.assetcatalog; path = Assets.xcassets; sourceTree = "<group>"; };
		0C3CCD7D1C7ADEFF00D38457 /* Info.plist */ = {isa = PBXFileReference; fileEncoding = 4; lastKnownFileType = text.plist.xml; path = Info.plist; sourceTree = "<group>"; };
		0C3CCD7E1C7ADEFF00D38457 /* LaunchScreen.storyboard */ = {isa = PBXFileReference; fileEncoding = 4; lastKnownFileType = file.storyboard; path = LaunchScreen.storyboard; sourceTree = "<group>"; };
		0C3CCD7F1C7ADEFF00D38457 /* Main.storyboard */ = {isa = PBXFileReference; fileEncoding = 4; lastKnownFileType = file.storyboard; path = Main.storyboard; sourceTree = "<group>"; };
		0C3CCD821C7ADEFF00D38457 /* Info.plist */ = {isa = PBXFileReference; fileEncoding = 4; lastKnownFileType = text.plist.xml; path = Info.plist; sourceTree = "<group>"; };
		0C3CCD831C7ADEFF00D38457 /* Main.storyboard */ = {isa = PBXFileReference; fileEncoding = 4; lastKnownFileType = file.storyboard; path = Main.storyboard; sourceTree = "<group>"; };
		0C3CCD9C1C7ADF9000D38457 /* MetalRenderer.swift */ = {isa = PBXFileReference; fileEncoding = 4; lastKnownFileType = sourcecode.swift; path = MetalRenderer.swift; sourceTree = "<group>"; };
		0C3CCDC41C7AE35600D38457 /* Shaders.metal */ = {isa = PBXFileReference; fileEncoding = 4; lastKnownFileType = sourcecode.metal; path = Shaders.metal; sourceTree = "<group>"; };
		0C3CCDC81C7AE35600D38457 /* Info.plist */ = {isa = PBXFileReference; fileEncoding = 4; lastKnownFileType = text.plist.xml; path = Info.plist; sourceTree = "<group>"; };
		0C3CCDC91C7AE35600D38457 /* Main.storyboard */ = {isa = PBXFileReference; fileEncoding = 4; lastKnownFileType = file.storyboard; path = Main.storyboard; sourceTree = "<group>"; };
		0C3CCDCA1C7AE35600D38457 /* MetalRenderer.swift */ = {isa = PBXFileReference; fileEncoding = 4; lastKnownFileType = sourcecode.swift; path = MetalRenderer.swift; sourceTree = "<group>"; };
		0C3FED191C3B7D1E002E69FE /* MetalCube-OSX.app */ = {isa = PBXFileReference; explicitFileType = wrapper.application; includeInIndex = 0; path = "MetalCube-OSX.app"; sourceTree = BUILT_PRODUCTS_DIR; };
		0C9474D51C339EB1005933AC /* MetalTriangle-OSX.app */ = {isa = PBXFileReference; explicitFileType = wrapper.application; includeInIndex = 0; path = "MetalTriangle-OSX.app"; sourceTree = BUILT_PRODUCTS_DIR; };
		0CA2BEC21C5328BF00D905EC /* MetalTriangle-iOS.app */ = {isa = PBXFileReference; explicitFileType = wrapper.application; includeInIndex = 0; path = "MetalTriangle-iOS.app"; sourceTree = BUILT_PRODUCTS_DIR; };
		0CA2BF7B1C5452CD00D905EC /* MetalCube-iOS.app */ = {isa = PBXFileReference; explicitFileType = wrapper.application; includeInIndex = 0; path = "MetalCube-iOS.app"; sourceTree = BUILT_PRODUCTS_DIR; };
		0CB58F521C5470FD00D5CAD8 /* Instancing-OSX.app */ = {isa = PBXFileReference; explicitFileType = wrapper.application; includeInIndex = 0; path = "Instancing-OSX.app"; sourceTree = BUILT_PRODUCTS_DIR; };
		0CDDA0771C7A9CED00135C7C /* MultiSample-OSX.app */ = {isa = PBXFileReference; explicitFileType = wrapper.application; includeInIndex = 0; path = "MultiSample-OSX.app"; sourceTree = BUILT_PRODUCTS_DIR; };
		0CF2C41C1C7AA189009EA0C4 /* BridgingHeader.h */ = {isa = PBXFileReference; fileEncoding = 4; lastKnownFileType = sourcecode.c.h; path = BridgingHeader.h; sourceTree = "<group>"; };
		0CF2C41E1C7AA189009EA0C4 /* MatrixTransforms.c */ = {isa = PBXFileReference; fileEncoding = 4; lastKnownFileType = sourcecode.c.c; path = MatrixTransforms.c; sourceTree = "<group>"; };
		0CF2C41F1C7AA189009EA0C4 /* MatrixTransforms.h */ = {isa = PBXFileReference; fileEncoding = 4; lastKnownFileType = sourcecode.c.h; path = MatrixTransforms.h; sourceTree = "<group>"; };
		0CF2C4211C7AA189009EA0C4 /* AppDelegate.swift */ = {isa = PBXFileReference; fileEncoding = 4; lastKnownFileType = sourcecode.swift; path = AppDelegate.swift; sourceTree = "<group>"; };
		0CF2C4221C7AA189009EA0C4 /* MetalView.swift */ = {isa = PBXFileReference; fileEncoding = 4; lastKnownFileType = sourcecode.swift; path = MetalView.swift; sourceTree = "<group>"; };
		0CF2C4231C7AA189009EA0C4 /* MetalViewController.swift */ = {isa = PBXFileReference; fileEncoding = 4; lastKnownFileType = sourcecode.swift; path = MetalViewController.swift; sourceTree = "<group>"; };
		0CF2C4241C7AA189009EA0C4 /* ShaderResourceIndices.h */ = {isa = PBXFileReference; fileEncoding = 4; lastKnownFileType = sourcecode.c.h; path = ShaderResourceIndices.h; sourceTree = "<group>"; };
		0CF2C4251C7AA189009EA0C4 /* ShaderUniforms.h */ = {isa = PBXFileReference; fileEncoding = 4; lastKnownFileType = sourcecode.c.h; path = ShaderUniforms.h; sourceTree = "<group>"; };
		0CF2C4331C7AA381009EA0C4 /* Shaders.metal */ = {isa = PBXFileReference; fileEncoding = 4; lastKnownFileType = sourcecode.metal; path = Shaders.metal; sourceTree = "<group>"; };
		0CF2C4371C7AA381009EA0C4 /* Info.plist */ = {isa = PBXFileReference; fileEncoding = 4; lastKnownFileType = text.plist.xml; path = Info.plist; sourceTree = "<group>"; };
		0CF2C4381C7AA381009EA0C4 /* Main.storyboard */ = {isa = PBXFileReference; fileEncoding = 4; lastKnownFileType = file.storyboard; path = Main.storyboard; sourceTree = "<group>"; };
		0CF2C4391C7AA381009EA0C4 /* MetalRenderer.swift */ = {isa = PBXFileReference; fileEncoding = 4; lastKnownFileType = sourcecode.swift; path = MetalRenderer.swift; sourceTree = "<group>"; };
		0CF2C4661C7AAADA009EA0C4 /* Shaders.metal */ = {isa = PBXFileReference; fileEncoding = 4; lastKnownFileType = sourcecode.metal; path = Shaders.metal; sourceTree = "<group>"; };
		0CF2C4691C7AAADA009EA0C4 /* Assets.xcassets */ = {isa = PBXFileReference; lastKnownFileType = folder.assetcatalog; path = Assets.xcassets; sourceTree = "<group>"; };
		0CF2C46A1C7AAADA009EA0C4 /* Info.plist */ = {isa = PBXFileReference; fileEncoding = 4; lastKnownFileType = text.plist.xml; path = Info.plist; sourceTree = "<group>"; };
		0CF2C46B1C7AAADA009EA0C4 /* LaunchScreen.storyboard */ = {isa = PBXFileReference; fileEncoding = 4; lastKnownFileType = file.storyboard; path = LaunchScreen.storyboard; sourceTree = "<group>"; };
		0CF2C46C1C7AAADA009EA0C4 /* Main.storyboard */ = {isa = PBXFileReference; fileEncoding = 4; lastKnownFileType = file.storyboard; path = Main.storyboard; sourceTree = "<group>"; };
		0CF2C46F1C7AAADA009EA0C4 /* Info.plist */ = {isa = PBXFileReference; fileEncoding = 4; lastKnownFileType = text.plist.xml; path = Info.plist; sourceTree = "<group>"; };
		0CF2C4701C7AAADA009EA0C4 /* Main.storyboard */ = {isa = PBXFileReference; fileEncoding = 4; lastKnownFileType = file.storyboard; path = Main.storyboard; sourceTree = "<group>"; };
		0CF2C48C1C7AC6F7009EA0C4 /* MetalRenderer.swift */ = {isa = PBXFileReference; fileEncoding = 4; lastKnownFileType = sourcecode.swift; path = MetalRenderer.swift; sourceTree = "<group>"; };
		0CF2C4961C7ACA5D009EA0C4 /* AppDelegate.swift */ = {isa = PBXFileReference; lastKnownFileType = sourcecode.swift; path = AppDelegate.swift; sourceTree = "<group>"; };
		0CF2C4971C7ACA5D009EA0C4 /* MetalViewControllerIOS.swift */ = {isa = PBXFileReference; lastKnownFileType = sourcecode.swift; path = MetalViewControllerIOS.swift; sourceTree = "<group>"; };
/* End PBXFileReference section */

/* Begin PBXFrameworksBuildPhase section */
		0C3FED0E1C3B7D1E002E69FE /* Frameworks */ = {
			isa = PBXFrameworksBuildPhase;
			buildActionMask = 2147483647;
			files = (
			);
			runOnlyForDeploymentPostprocessing = 0;
		};
		0C9474D21C339EB1005933AC /* Frameworks */ = {
			isa = PBXFrameworksBuildPhase;
			buildActionMask = 2147483647;
			files = (
			);
			runOnlyForDeploymentPostprocessing = 0;
		};
		0CA2BEBF1C5328BF00D905EC /* Frameworks */ = {
			isa = PBXFrameworksBuildPhase;
			buildActionMask = 2147483647;
			files = (
			);
			runOnlyForDeploymentPostprocessing = 0;
		};
		0CA2BF781C5452CD00D905EC /* Frameworks */ = {
			isa = PBXFrameworksBuildPhase;
			buildActionMask = 2147483647;
			files = (
			);
			runOnlyForDeploymentPostprocessing = 0;
		};
		0CB58F4F1C5470FD00D5CAD8 /* Frameworks */ = {
			isa = PBXFrameworksBuildPhase;
			buildActionMask = 2147483647;
			files = (
			);
			runOnlyForDeploymentPostprocessing = 0;
		};
		0CDDA0701C7A9CED00135C7C /* Frameworks */ = {
			isa = PBXFrameworksBuildPhase;
			buildActionMask = 2147483647;
			files = (
			);
			runOnlyForDeploymentPostprocessing = 0;
		};
/* End PBXFrameworksBuildPhase section */

/* Begin PBXGroup section */
		0C3CCD771C7ADEFF00D38457 /* MetalTriangle */ = {
			isa = PBXGroup;
			children = (
				0C3CCD781C7ADEFF00D38457 /* Assets */,
				0C3CCD7A1C7ADEFF00D38457 /* Data */,
				0C3CCD9C1C7ADF9000D38457 /* MetalRenderer.swift */,
			);
			name = MetalTriangle;
			path = Demos/MetalTriangle;
			sourceTree = "<group>";
		};
		0C3CCD781C7ADEFF00D38457 /* Assets */ = {
			isa = PBXGroup;
			children = (
				0C3CCD791C7ADEFF00D38457 /* Shaders.metal */,
			);
			path = Assets;
			sourceTree = "<group>";
		};
		0C3CCD7A1C7ADEFF00D38457 /* Data */ = {
			isa = PBXGroup;
			children = (
				0C3CCD7B1C7ADEFF00D38457 /* iOS */,
				0C3CCD801C7ADEFF00D38457 /* OSX */,
			);
			path = Data;
			sourceTree = "<group>";
		};
		0C3CCD7B1C7ADEFF00D38457 /* iOS */ = {
			isa = PBXGroup;
			children = (
				0C3CCD7C1C7ADEFF00D38457 /* Assets.xcassets */,
				0C3CCD7D1C7ADEFF00D38457 /* Info.plist */,
				0C3CCD7E1C7ADEFF00D38457 /* LaunchScreen.storyboard */,
				0C3CCD7F1C7ADEFF00D38457 /* Main.storyboard */,
			);
			path = iOS;
			sourceTree = "<group>";
		};
		0C3CCD801C7ADEFF00D38457 /* OSX */ = {
			isa = PBXGroup;
			children = (
				0C3CCD821C7ADEFF00D38457 /* Info.plist */,
				0C3CCD831C7ADEFF00D38457 /* Main.storyboard */,
			);
			path = OSX;
			sourceTree = "<group>";
		};
		0C3CCDC21C7AE35600D38457 /* Instancing */ = {
			isa = PBXGroup;
			children = (
				0C3CCDC31C7AE35600D38457 /* Assets */,
				0C3CCDC51C7AE35600D38457 /* Data */,
				0C3CCDCA1C7AE35600D38457 /* MetalRenderer.swift */,
			);
			name = Instancing;
			path = Demos/Instancing;
			sourceTree = "<group>";
		};
		0C3CCDC31C7AE35600D38457 /* Assets */ = {
			isa = PBXGroup;
			children = (
				0C3CCDC41C7AE35600D38457 /* Shaders.metal */,
			);
			path = Assets;
			sourceTree = "<group>";
		};
		0C3CCDC51C7AE35600D38457 /* Data */ = {
			isa = PBXGroup;
			children = (
				0C3CCDC61C7AE35600D38457 /* iOS */,
				0C3CCDC71C7AE35600D38457 /* OSX */,
			);
			path = Data;
			sourceTree = "<group>";
		};
		0C3CCDC61C7AE35600D38457 /* iOS */ = {
			isa = PBXGroup;
			children = (
			);
			path = iOS;
			sourceTree = "<group>";
		};
		0C3CCDC71C7AE35600D38457 /* OSX */ = {
			isa = PBXGroup;
			children = (
				0C3CCDC81C7AE35600D38457 /* Info.plist */,
				0C3CCDC91C7AE35600D38457 /* Main.storyboard */,
			);
			path = OSX;
			sourceTree = "<group>";
		};
		0C9474CC1C339EB1005933AC = {
			isa = PBXGroup;
			children = (
				0CF2C4191C7AA189009EA0C4 /* Shared */,
				0C3CCD771C7ADEFF00D38457 /* MetalTriangle */,
				0CF2C4641C7AAADA009EA0C4 /* MetalCube */,
				0C3CCDC21C7AE35600D38457 /* Instancing */,
				0CF2C4311C7AA381009EA0C4 /* MultiSample */,
				0C9474D61C339EB1005933AC /* Products */,
			);
			sourceTree = "<group>";
		};
		0C9474D61C339EB1005933AC /* Products */ = {
			isa = PBXGroup;
			children = (
				0C9474D51C339EB1005933AC /* MetalTriangle-OSX.app */,
				0C3FED191C3B7D1E002E69FE /* MetalCube-OSX.app */,
				0CA2BEC21C5328BF00D905EC /* MetalTriangle-iOS.app */,
				0CA2BF7B1C5452CD00D905EC /* MetalCube-iOS.app */,
				0CB58F521C5470FD00D5CAD8 /* Instancing-OSX.app */,
				0CDDA0771C7A9CED00135C7C /* MultiSample-OSX.app */,
			);
			name = Products;
			sourceTree = "<group>";
		};
		0CF2C4191C7AA189009EA0C4 /* Shared */ = {
			isa = PBXGroup;
			children = (
				0CF2C41A1C7AA189009EA0C4 /* Assets */,
				0CF2C41B1C7AA189009EA0C4 /* Source */,
			);
			path = Shared;
			sourceTree = "<group>";
		};
		0CF2C41A1C7AA189009EA0C4 /* Assets */ = {
			isa = PBXGroup;
			children = (
			);
			path = Assets;
			sourceTree = "<group>";
		};
		0CF2C41B1C7AA189009EA0C4 /* Source */ = {
			isa = PBXGroup;
			children = (
				0CF2C41D1C7AA189009EA0C4 /* iOS */,
				0CF2C4201C7AA189009EA0C4 /* OSX */,
				0CF2C41E1C7AA189009EA0C4 /* MatrixTransforms.c */,
				0CF2C41C1C7AA189009EA0C4 /* BridgingHeader.h */,
				0CF2C41F1C7AA189009EA0C4 /* MatrixTransforms.h */,
				0CF2C4241C7AA189009EA0C4 /* ShaderResourceIndices.h */,
				0CF2C4251C7AA189009EA0C4 /* ShaderUniforms.h */,
			);
			path = Source;
			sourceTree = "<group>";
		};
		0CF2C41D1C7AA189009EA0C4 /* iOS */ = {
			isa = PBXGroup;
			children = (
				0CF2C4961C7ACA5D009EA0C4 /* AppDelegate.swift */,
				0CF2C4971C7ACA5D009EA0C4 /* MetalViewControllerIOS.swift */,
			);
			path = iOS;
			sourceTree = "<group>";
		};
		0CF2C4201C7AA189009EA0C4 /* OSX */ = {
			isa = PBXGroup;
			children = (
				0CF2C4211C7AA189009EA0C4 /* AppDelegate.swift */,
				0CF2C4221C7AA189009EA0C4 /* MetalView.swift */,
				0CF2C4231C7AA189009EA0C4 /* MetalViewController.swift */,
			);
			path = OSX;
			sourceTree = "<group>";
		};
		0CF2C4311C7AA381009EA0C4 /* MultiSample */ = {
			isa = PBXGroup;
			children = (
				0CF2C4321C7AA381009EA0C4 /* Assets */,
				0CF2C4341C7AA381009EA0C4 /* Data */,
				0CF2C4391C7AA381009EA0C4 /* MetalRenderer.swift */,
			);
			name = MultiSample;
			path = Demos/MultiSample;
			sourceTree = "<group>";
		};
		0CF2C4321C7AA381009EA0C4 /* Assets */ = {
			isa = PBXGroup;
			children = (
				0CF2C4331C7AA381009EA0C4 /* Shaders.metal */,
			);
			path = Assets;
			sourceTree = "<group>";
		};
		0CF2C4341C7AA381009EA0C4 /* Data */ = {
			isa = PBXGroup;
			children = (
				0CF2C4351C7AA381009EA0C4 /* iOS */,
				0CF2C4361C7AA381009EA0C4 /* OSX */,
			);
			path = Data;
			sourceTree = "<group>";
		};
		0CF2C4351C7AA381009EA0C4 /* iOS */ = {
			isa = PBXGroup;
			children = (
			);
			path = iOS;
			sourceTree = "<group>";
		};
		0CF2C4361C7AA381009EA0C4 /* OSX */ = {
			isa = PBXGroup;
			children = (
				0CF2C4371C7AA381009EA0C4 /* Info.plist */,
				0CF2C4381C7AA381009EA0C4 /* Main.storyboard */,
			);
			path = OSX;
			sourceTree = "<group>";
		};
		0CF2C4641C7AAADA009EA0C4 /* MetalCube */ = {
			isa = PBXGroup;
			children = (
				0CF2C4651C7AAADA009EA0C4 /* Assets */,
				0CF2C4671C7AAADA009EA0C4 /* Data */,
				0CF2C48C1C7AC6F7009EA0C4 /* MetalRenderer.swift */,
			);
			name = MetalCube;
			path = Demos/MetalCube;
			sourceTree = "<group>";
		};
		0CF2C4651C7AAADA009EA0C4 /* Assets */ = {
			isa = PBXGroup;
			children = (
				0CF2C4661C7AAADA009EA0C4 /* Shaders.metal */,
			);
			path = Assets;
			sourceTree = "<group>";
		};
		0CF2C4671C7AAADA009EA0C4 /* Data */ = {
			isa = PBXGroup;
			children = (
				0CF2C4681C7AAADA009EA0C4 /* iOS */,
				0CF2C46D1C7AAADA009EA0C4 /* OSX */,
			);
			path = Data;
			sourceTree = "<group>";
		};
		0CF2C4681C7AAADA009EA0C4 /* iOS */ = {
			isa = PBXGroup;
			children = (
				0CF2C4691C7AAADA009EA0C4 /* Assets.xcassets */,
				0CF2C46A1C7AAADA009EA0C4 /* Info.plist */,
				0CF2C46B1C7AAADA009EA0C4 /* LaunchScreen.storyboard */,
				0CF2C46C1C7AAADA009EA0C4 /* Main.storyboard */,
			);
			path = iOS;
			sourceTree = "<group>";
		};
		0CF2C46D1C7AAADA009EA0C4 /* OSX */ = {
			isa = PBXGroup;
			children = (
				0CF2C46F1C7AAADA009EA0C4 /* Info.plist */,
				0CF2C4701C7AAADA009EA0C4 /* Main.storyboard */,
			);
			path = OSX;
			sourceTree = "<group>";
		};
/* End PBXGroup section */

/* Begin PBXNativeTarget section */
		0C3FED041C3B7D1E002E69FE /* MetalCube-OSX */ = {
			isa = PBXNativeTarget;
			buildConfigurationList = 0C3FED161C3B7D1E002E69FE /* Build configuration list for PBXNativeTarget "MetalCube-OSX" */;
			buildPhases = (
				0C3FED051C3B7D1E002E69FE /* Sources */,
				0C3FED0E1C3B7D1E002E69FE /* Frameworks */,
				0C3FED0F1C3B7D1E002E69FE /* Resources */,
			);
			buildRules = (
			);
			dependencies = (
			);
			name = "MetalCube-OSX";
			productName = MetalSwift;
			productReference = 0C3FED191C3B7D1E002E69FE /* MetalCube-OSX.app */;
			productType = "com.apple.product-type.application";
		};
		0C9474D41C339EB1005933AC /* MetalTriangle-OSX */ = {
			isa = PBXNativeTarget;
			buildConfigurationList = 0C9474E41C339EB2005933AC /* Build configuration list for PBXNativeTarget "MetalTriangle-OSX" */;
			buildPhases = (
				0C9474D11C339EB1005933AC /* Sources */,
				0C9474D21C339EB1005933AC /* Frameworks */,
				0C9474D31C339EB1005933AC /* Resources */,
			);
			buildRules = (
			);
			dependencies = (
			);
			name = "MetalTriangle-OSX";
			productName = MetalSwift;
			productReference = 0C9474D51C339EB1005933AC /* MetalTriangle-OSX.app */;
			productType = "com.apple.product-type.application";
		};
		0CA2BEC11C5328BF00D905EC /* MetalTriangle-iOS */ = {
			isa = PBXNativeTarget;
			buildConfigurationList = 0CA2BED11C5328BF00D905EC /* Build configuration list for PBXNativeTarget "MetalTriangle-iOS" */;
			buildPhases = (
				0CA2BEBE1C5328BF00D905EC /* Sources */,
				0CA2BEBF1C5328BF00D905EC /* Frameworks */,
				0CA2BEC01C5328BF00D905EC /* Resources */,
			);
			buildRules = (
			);
			dependencies = (
			);
			name = "MetalTriangle-iOS";
			productName = "MetalTriangle-iOS";
			productReference = 0CA2BEC21C5328BF00D905EC /* MetalTriangle-iOS.app */;
			productType = "com.apple.product-type.application";
		};
		0CA2BF7A1C5452CD00D905EC /* MetalCube-iOS */ = {
			isa = PBXNativeTarget;
			buildConfigurationList = 0CA2BF8A1C5452CD00D905EC /* Build configuration list for PBXNativeTarget "MetalCube-iOS" */;
			buildPhases = (
				0CA2BF771C5452CD00D905EC /* Sources */,
				0CA2BF781C5452CD00D905EC /* Frameworks */,
				0CA2BF791C5452CD00D905EC /* Resources */,
			);
			buildRules = (
			);
			dependencies = (
			);
			name = "MetalCube-iOS";
			productName = "MetalCube-iOS";
			productReference = 0CA2BF7B1C5452CD00D905EC /* MetalCube-iOS.app */;
			productType = "com.apple.product-type.application";
		};
		0CB58F511C5470FD00D5CAD8 /* Instancing-OSX */ = {
			isa = PBXNativeTarget;
			buildConfigurationList = 0CB58F5E1C5470FD00D5CAD8 /* Build configuration list for PBXNativeTarget "Instancing-OSX" */;
			buildPhases = (
				0CB58F4E1C5470FD00D5CAD8 /* Sources */,
				0CB58F4F1C5470FD00D5CAD8 /* Frameworks */,
				0CB58F501C5470FD00D5CAD8 /* Resources */,
			);
			buildRules = (
			);
			dependencies = (
			);
			name = "Instancing-OSX";
			productName = "Instancing-OSX";
			productReference = 0CB58F521C5470FD00D5CAD8 /* Instancing-OSX.app */;
			productType = "com.apple.product-type.application";
		};
		0CDDA0681C7A9CED00135C7C /* MultiSample-OSX */ = {
			isa = PBXNativeTarget;
			buildConfigurationList = 0CDDA0741C7A9CED00135C7C /* Build configuration list for PBXNativeTarget "MultiSample-OSX" */;
			buildPhases = (
				0CDDA0691C7A9CED00135C7C /* Sources */,
				0CDDA0701C7A9CED00135C7C /* Frameworks */,
				0CDDA0711C7A9CED00135C7C /* Resources */,
			);
			buildRules = (
			);
			dependencies = (
			);
			name = "MultiSample-OSX";
			productName = "Instancing-OSX";
			productReference = 0CDDA0771C7A9CED00135C7C /* MultiSample-OSX.app */;
			productType = "com.apple.product-type.application";
		};
/* End PBXNativeTarget section */

/* Begin PBXProject section */
		0C9474CD1C339EB1005933AC /* Project object */ = {
			isa = PBXProject;
			attributes = {
				LastSwiftUpdateCheck = 0720;
				LastUpgradeCheck = 0720;
				ORGANIZATIONNAME = none;
				TargetAttributes = {
					0C9474D41C339EB1005933AC = {
						CreatedOnToolsVersion = 7.2;
					};
					0CA2BEC11C5328BF00D905EC = {
						CreatedOnToolsVersion = 7.2;
						DevelopmentTeam = 72886Z9JEN;
					};
					0CA2BF7A1C5452CD00D905EC = {
						CreatedOnToolsVersion = 7.2;
						DevelopmentTeam = 72886Z9JEN;
					};
					0CB58F511C5470FD00D5CAD8 = {
						CreatedOnToolsVersion = 7.2;
					};
				};
			};
			buildConfigurationList = 0C9474D01C339EB1005933AC /* Build configuration list for PBXProject "MetalSwift" */;
			compatibilityVersion = "Xcode 3.2";
			developmentRegion = English;
			hasScannedForEncodings = 0;
			knownRegions = (
				en,
				Base,
			);
			mainGroup = 0C9474CC1C339EB1005933AC;
			productRefGroup = 0C9474D61C339EB1005933AC /* Products */;
			projectDirPath = "";
			projectRoot = "";
			targets = (
				0CA2BEC11C5328BF00D905EC /* MetalTriangle-iOS */,
				0C9474D41C339EB1005933AC /* MetalTriangle-OSX */,
				0CA2BF7A1C5452CD00D905EC /* MetalCube-iOS */,
				0C3FED041C3B7D1E002E69FE /* MetalCube-OSX */,
				0CB58F511C5470FD00D5CAD8 /* Instancing-OSX */,
				0CDDA0681C7A9CED00135C7C /* MultiSample-OSX */,
			);
		};
/* End PBXProject section */

/* Begin PBXResourcesBuildPhase section */
		0C3FED0F1C3B7D1E002E69FE /* Resources */ = {
			isa = PBXResourcesBuildPhase;
			buildActionMask = 2147483647;
			files = (
				0CF2C48E1C7AC81E009EA0C4 /* Main.storyboard in Resources */,
			);
			runOnlyForDeploymentPostprocessing = 0;
		};
		0C9474D31C339EB1005933AC /* Resources */ = {
			isa = PBXResourcesBuildPhase;
			buildActionMask = 2147483647;
			files = (
				0C3CCDA21C7ADFCA00D38457 /* Main.storyboard in Resources */,
			);
			runOnlyForDeploymentPostprocessing = 0;
		};
		0CA2BEC01C5328BF00D905EC /* Resources */ = {
			isa = PBXResourcesBuildPhase;
			buildActionMask = 2147483647;
			files = (
				0C3CCDA51C7AE04300D38457 /* Assets.xcassets in Resources */,
				0C3CCDAB1C7AE1E800D38457 /* Main.storyboard in Resources */,
				0C3CCDAC1C7AE1EA00D38457 /* LaunchScreen.storyboard in Resources */,
			);
			runOnlyForDeploymentPostprocessing = 0;
		};
		0CA2BF791C5452CD00D905EC /* Resources */ = {
			isa = PBXResourcesBuildPhase;
			buildActionMask = 2147483647;
			files = (
				0CF2C4981C7ACAFD009EA0C4 /* Assets.xcassets in Resources */,
				0CF2C4991C7ACAFD009EA0C4 /* LaunchScreen.storyboard in Resources */,
				0CF2C49A1C7ACAFD009EA0C4 /* Main.storyboard in Resources */,
			);
			runOnlyForDeploymentPostprocessing = 0;
		};
		0CB58F501C5470FD00D5CAD8 /* Resources */ = {
			isa = PBXResourcesBuildPhase;
			buildActionMask = 2147483647;
			files = (
				0C3CCDCF1C7AE37200D38457 /* Main.storyboard in Resources */,
			);
			runOnlyForDeploymentPostprocessing = 0;
		};
		0CDDA0711C7A9CED00135C7C /* Resources */ = {
			isa = PBXResourcesBuildPhase;
			buildActionMask = 2147483647;
			files = (
				0CF2C43F1C7AA3A2009EA0C4 /* Main.storyboard in Resources */,
			);
			runOnlyForDeploymentPostprocessing = 0;
		};
/* End PBXResourcesBuildPhase section */

/* Begin PBXSourcesBuildPhase section */
		0C3FED051C3B7D1E002E69FE /* Sources */ = {
			isa = PBXSourcesBuildPhase;
			buildActionMask = 2147483647;
			files = (
				0CF2C4951C7AC8B0009EA0C4 /* Shaders.metal in Sources */,
				0CF2C4911C7AC839009EA0C4 /* AppDelegate.swift in Sources */,
				0CF2C4921C7AC839009EA0C4 /* MetalView.swift in Sources */,
				0CF2C4931C7AC839009EA0C4 /* MetalViewController.swift in Sources */,
				0CF2C4941C7AC839009EA0C4 /* MatrixTransforms.c in Sources */,
				0CF2C4901C7AC82B009EA0C4 /* MetalRenderer.swift in Sources */,
			);
			runOnlyForDeploymentPostprocessing = 0;
		};
		0C9474D11C339EB1005933AC /* Sources */ = {
			isa = PBXSourcesBuildPhase;
			buildActionMask = 2147483647;
			files = (
				0C3CCD9F1C7ADFB700D38457 /* AppDelegate.swift in Sources */,
				0C3CCDA01C7ADFB700D38457 /* MetalView.swift in Sources */,
				0C3CCDA11C7ADFB700D38457 /* MetalViewController.swift in Sources */,
				0C3CCD9E1C7ADF9000D38457 /* MetalRenderer.swift in Sources */,
				0C3CCDA31C7ADFCE00D38457 /* Shaders.metal in Sources */,
			);
			runOnlyForDeploymentPostprocessing = 0;
		};
		0CA2BEBE1C5328BF00D905EC /* Sources */ = {
			isa = PBXSourcesBuildPhase;
			buildActionMask = 2147483647;
			files = (
				0C3CCDA41C7AE04000D38457 /* Shaders.metal in Sources */,
				0C3CCDA81C7AE04C00D38457 /* MetalRenderer.swift in Sources */,
				0C3CCDAA1C7AE05600D38457 /* MetalViewControllerIOS.swift in Sources */,
				0C3CCDA91C7AE05500D38457 /* AppDelegate.swift in Sources */,
			);
			runOnlyForDeploymentPostprocessing = 0;
		};
		0CA2BF771C5452CD00D905EC /* Sources */ = {
			isa = PBXSourcesBuildPhase;
			buildActionMask = 2147483647;
			files = (
				0CF2C4A11C7ACB2C009EA0C4 /* AppDelegate.swift in Sources */,
				0CF2C4A21C7ACB2C009EA0C4 /* MetalViewControllerIOS.swift in Sources */,
				0CF2C4A31C7ACB2C009EA0C4 /* MatrixTransforms.c in Sources */,
				0CF2C49F1C7ACB1E009EA0C4 /* Shaders.metal in Sources */,
				0CF2C4A01C7ACB21009EA0C4 /* MetalRenderer.swift in Sources */,
			);
			runOnlyForDeploymentPostprocessing = 0;
		};
		0CB58F4E1C5470FD00D5CAD8 /* Sources */ = {
			isa = PBXSourcesBuildPhase;
			buildActionMask = 2147483647;
			files = (
				0CF2C4601C7AA4B1009EA0C4 /* AppDelegate.swift in Sources */,
				0CF2C4611C7AA4B1009EA0C4 /* MetalView.swift in Sources */,
				0CF2C4621C7AA4B1009EA0C4 /* MetalViewController.swift in Sources */,
				0C3CCDD01C7AE37E00D38457 /* MetalRenderer.swift in Sources */,
				0CF2C4631C7AA4B1009EA0C4 /* MatrixTransforms.c in Sources */,
			);
			runOnlyForDeploymentPostprocessing = 0;
		};
		0CDDA0691C7A9CED00135C7C /* Sources */ = {
			isa = PBXSourcesBuildPhase;
			buildActionMask = 2147483647;
			files = (
				0CF2C42A1C7AA1A3009EA0C4 /* MatrixTransforms.c in Sources */,
				0CF2C42B1C7AA1A3009EA0C4 /* AppDelegate.swift in Sources */,
				0CF2C42C1C7AA1A3009EA0C4 /* MetalView.swift in Sources */,
				0CF2C42D1C7AA1A3009EA0C4 /* MetalViewController.swift in Sources */,
				0CF2C43E1C7AA39B009EA0C4 /* MetalRenderer.swift in Sources */,
				0C3CCDD11C7AE50200D38457 /* Shaders.metal in Sources */,
			);
			runOnlyForDeploymentPostprocessing = 0;
		};
/* End PBXSourcesBuildPhase section */

/* Begin XCBuildConfiguration section */
		0C3FED171C3B7D1E002E69FE /* Debug */ = {
			isa = XCBuildConfiguration;
			buildSettings = {
				ASSETCATALOG_COMPILER_APPICON_NAME = AppIcon;
				COMBINE_HIDPI_IMAGES = YES;
				HEADER_SEARCH_PATHS = Shared/Source;
				INFOPLIST_FILE = Demos/MetalCube/Data/OSX/Info.plist;
				LD_RUNPATH_SEARCH_PATHS = "$(inherited) @executable_path/../Frameworks";
				MTL_HEADER_SEARCH_PATHS = "$(PROJECT_DIR)/Shared/Source $(PROJECT_DIR)/Demos/MetalCube/Source";
				MTL_PREPROCESSOR_DEFINITIONS = "METAL=1";
				OTHER_SWIFT_FLAGS = "";
				PRODUCT_BUNDLE_IDENTIFIER = none.MetalSwift;
				PRODUCT_NAME = "$(TARGET_NAME)";
				SWIFT_OBJC_BRIDGING_HEADER = Shared/Source/BridgingHeader.h;
			};
			name = Debug;
		};
		0C3FED181C3B7D1E002E69FE /* Release */ = {
			isa = XCBuildConfiguration;
			buildSettings = {
				ASSETCATALOG_COMPILER_APPICON_NAME = AppIcon;
				COMBINE_HIDPI_IMAGES = YES;
				HEADER_SEARCH_PATHS = Shared/Source;
				INFOPLIST_FILE = Demos/MetalCube/Data/OSX/Info.plist;
				LD_RUNPATH_SEARCH_PATHS = "$(inherited) @executable_path/../Frameworks";
				MTL_HEADER_SEARCH_PATHS = "$(PROJECT_DIR)/Shared/Source $(PROJECT_DIR)/Demos/MetalCube/Source";
				MTL_PREPROCESSOR_DEFINITIONS = "METAL=1";
				OTHER_CPLUSPLUSFLAGS = "";
				OTHER_SWIFT_FLAGS = "";
				PRODUCT_BUNDLE_IDENTIFIER = none.MetalSwift;
				PRODUCT_NAME = "$(TARGET_NAME)";
				SWIFT_OBJC_BRIDGING_HEADER = Shared/Source/BridgingHeader.h;
			};
			name = Release;
		};
		0C9474E21C339EB2005933AC /* Debug */ = {
			isa = XCBuildConfiguration;
			buildSettings = {
				ALWAYS_SEARCH_USER_PATHS = NO;
				CLANG_CXX_LANGUAGE_STANDARD = "gnu++0x";
				CLANG_CXX_LIBRARY = "libc++";
				CLANG_ENABLE_MODULES = YES;
				CLANG_ENABLE_OBJC_ARC = YES;
				CLANG_WARN_BOOL_CONVERSION = YES;
				CLANG_WARN_CONSTANT_CONVERSION = YES;
				CLANG_WARN_DIRECT_OBJC_ISA_USAGE = YES_ERROR;
				CLANG_WARN_EMPTY_BODY = YES;
				CLANG_WARN_ENUM_CONVERSION = YES;
				CLANG_WARN_INT_CONVERSION = YES;
				CLANG_WARN_OBJC_ROOT_CLASS = YES_ERROR;
				CLANG_WARN_UNREACHABLE_CODE = YES;
				CLANG_WARN__DUPLICATE_METHOD_MATCH = YES;
				CODE_SIGN_IDENTITY = "-";
				COPY_PHASE_STRIP = NO;
				DEBUG_INFORMATION_FORMAT = dwarf;
				ENABLE_STRICT_OBJC_MSGSEND = YES;
				ENABLE_TESTABILITY = YES;
				GCC_C_LANGUAGE_STANDARD = gnu99;
				GCC_DYNAMIC_NO_PIC = NO;
				GCC_NO_COMMON_BLOCKS = YES;
				GCC_OPTIMIZATION_LEVEL = 0;
				GCC_PREPROCESSOR_DEFINITIONS = (
					"DEBUG=1",
					"$(inherited)",
				);
				GCC_WARN_64_TO_32_BIT_CONVERSION = YES;
				GCC_WARN_ABOUT_RETURN_TYPE = YES_ERROR;
				GCC_WARN_UNDECLARED_SELECTOR = YES;
				GCC_WARN_UNINITIALIZED_AUTOS = YES_AGGRESSIVE;
				GCC_WARN_UNUSED_FUNCTION = YES;
				GCC_WARN_UNUSED_VARIABLE = YES;
				MACOSX_DEPLOYMENT_TARGET = 10.11;
				MTL_ENABLE_DEBUG_INFO = YES;
				MTL_HEADER_SEARCH_PATHS = "$(PROJECT_DIR)/$(TARGET_NAME)";
				MTL_PREPROCESSOR_DEFINITIONS = "METAL=1";
				ONLY_ACTIVE_ARCH = YES;
				OTHER_SWIFT_FLAGS = "-DSWIFT";
				SDKROOT = macosx;
				SWIFT_OPTIMIZATION_LEVEL = "-Onone";
			};
			name = Debug;
		};
		0C9474E31C339EB2005933AC /* Release */ = {
			isa = XCBuildConfiguration;
			buildSettings = {
				ALWAYS_SEARCH_USER_PATHS = NO;
				CLANG_CXX_LANGUAGE_STANDARD = "gnu++0x";
				CLANG_CXX_LIBRARY = "libc++";
				CLANG_ENABLE_MODULES = YES;
				CLANG_ENABLE_OBJC_ARC = YES;
				CLANG_WARN_BOOL_CONVERSION = YES;
				CLANG_WARN_CONSTANT_CONVERSION = YES;
				CLANG_WARN_DIRECT_OBJC_ISA_USAGE = YES_ERROR;
				CLANG_WARN_EMPTY_BODY = YES;
				CLANG_WARN_ENUM_CONVERSION = YES;
				CLANG_WARN_INT_CONVERSION = YES;
				CLANG_WARN_OBJC_ROOT_CLASS = YES_ERROR;
				CLANG_WARN_UNREACHABLE_CODE = YES;
				CLANG_WARN__DUPLICATE_METHOD_MATCH = YES;
				CODE_SIGN_IDENTITY = "-";
				COPY_PHASE_STRIP = NO;
				DEBUG_INFORMATION_FORMAT = "dwarf-with-dsym";
				ENABLE_NS_ASSERTIONS = NO;
				ENABLE_STRICT_OBJC_MSGSEND = YES;
				GCC_C_LANGUAGE_STANDARD = gnu99;
				GCC_NO_COMMON_BLOCKS = YES;
				GCC_WARN_64_TO_32_BIT_CONVERSION = YES;
				GCC_WARN_ABOUT_RETURN_TYPE = YES_ERROR;
				GCC_WARN_UNDECLARED_SELECTOR = YES;
				GCC_WARN_UNINITIALIZED_AUTOS = YES_AGGRESSIVE;
				GCC_WARN_UNUSED_FUNCTION = YES;
				GCC_WARN_UNUSED_VARIABLE = YES;
				MACOSX_DEPLOYMENT_TARGET = 10.11;
				MTL_ENABLE_DEBUG_INFO = NO;
				MTL_HEADER_SEARCH_PATHS = "$(PROJECT_DIR)/$(TARGET_NAME)";
				MTL_PREPROCESSOR_DEFINITIONS = "METAL=1";
				OTHER_SWIFT_FLAGS = "-DSWIFT";
				SDKROOT = macosx;
			};
			name = Release;
		};
		0C9474E51C339EB2005933AC /* Debug */ = {
			isa = XCBuildConfiguration;
			buildSettings = {
				ASSETCATALOG_COMPILER_APPICON_NAME = AppIcon;
				COMBINE_HIDPI_IMAGES = YES;
				INFOPLIST_FILE = Demos/MetalTriangle/Data/OSX/Info.plist;
				LD_RUNPATH_SEARCH_PATHS = "$(inherited) @executable_path/../Frameworks";
				PRODUCT_BUNDLE_IDENTIFIER = none.MetalSwift;
				PRODUCT_NAME = "$(TARGET_NAME)";
				SWIFT_OBJC_BRIDGING_HEADER = Shared/Source/BridgingHeader.h;
			};
			name = Debug;
		};
		0C9474E61C339EB2005933AC /* Release */ = {
			isa = XCBuildConfiguration;
			buildSettings = {
				ASSETCATALOG_COMPILER_APPICON_NAME = AppIcon;
				COMBINE_HIDPI_IMAGES = YES;
				INFOPLIST_FILE = Demos/MetalTriangle/Data/OSX/Info.plist;
				LD_RUNPATH_SEARCH_PATHS = "$(inherited) @executable_path/../Frameworks";
				PRODUCT_BUNDLE_IDENTIFIER = none.MetalSwift;
				PRODUCT_NAME = "$(TARGET_NAME)";
				SWIFT_OBJC_BRIDGING_HEADER = Shared/Source/BridgingHeader.h;
			};
			name = Release;
		};
		0CA2BED21C5328BF00D905EC /* Debug */ = {
			isa = XCBuildConfiguration;
			buildSettings = {
				ASSETCATALOG_COMPILER_APPICON_NAME = AppIcon;
				"CODE_SIGN_IDENTITY[sdk=iphoneos*]" = "iPhone Developer";
				INFOPLIST_FILE = Demos/MetalTriangle/Data/iOS/Info.plist;
				IPHONEOS_DEPLOYMENT_TARGET = 9.2;
				LD_RUNPATH_SEARCH_PATHS = "$(inherited) @executable_path/Frameworks";
				PRODUCT_BUNDLE_IDENTIFIER = "none.MetalTriangle-iOS";
				PRODUCT_NAME = "$(TARGET_NAME)";
				SDKROOT = iphoneos;
				SWIFT_OBJC_BRIDGING_HEADER = Shared/Source/BridgingHeader.h;
				TARGETED_DEVICE_FAMILY = "1,2";
			};
			name = Debug;
		};
		0CA2BED31C5328BF00D905EC /* Release */ = {
			isa = XCBuildConfiguration;
			buildSettings = {
				ASSETCATALOG_COMPILER_APPICON_NAME = AppIcon;
				"CODE_SIGN_IDENTITY[sdk=iphoneos*]" = "iPhone Developer";
				INFOPLIST_FILE = Demos/MetalTriangle/Data/iOS/Info.plist;
				IPHONEOS_DEPLOYMENT_TARGET = 9.2;
				LD_RUNPATH_SEARCH_PATHS = "$(inherited) @executable_path/Frameworks";
				PRODUCT_BUNDLE_IDENTIFIER = "none.MetalTriangle-iOS";
				PRODUCT_NAME = "$(TARGET_NAME)";
				SDKROOT = iphoneos;
				SWIFT_OBJC_BRIDGING_HEADER = Shared/Source/BridgingHeader.h;
				TARGETED_DEVICE_FAMILY = "1,2";
				VALIDATE_PRODUCT = YES;
			};
			name = Release;
		};
		0CA2BF8B1C5452CD00D905EC /* Debug */ = {
			isa = XCBuildConfiguration;
			buildSettings = {
				ASSETCATALOG_COMPILER_APPICON_NAME = AppIcon;
				"CODE_SIGN_IDENTITY[sdk=iphoneos*]" = "iPhone Developer";
				HEADER_SEARCH_PATHS = "$(PROJECT_DIR)/Shared/Source";
				INFOPLIST_FILE = Demos/MetalCube/Data/iOS/Info.plist;
				IPHONEOS_DEPLOYMENT_TARGET = 9.2;
				LD_RUNPATH_SEARCH_PATHS = "$(inherited) @executable_path/Frameworks";
				MTL_HEADER_SEARCH_PATHS = "$(PROJECT_DIR)/Shared/Source";
				PRODUCT_BUNDLE_IDENTIFIER = "none.MetalCube-iOS";
				PRODUCT_NAME = "$(TARGET_NAME)";
				SDKROOT = iphoneos;
				SWIFT_OBJC_BRIDGING_HEADER = "$(PROJECT_DIR)/Shared/Source/BridgingHeader.h";
				TARGETED_DEVICE_FAMILY = "1,2";
			};
			name = Debug;
		};
		0CA2BF8C1C5452CD00D905EC /* Release */ = {
			isa = XCBuildConfiguration;
			buildSettings = {
				ASSETCATALOG_COMPILER_APPICON_NAME = AppIcon;
				"CODE_SIGN_IDENTITY[sdk=iphoneos*]" = "iPhone Developer";
				HEADER_SEARCH_PATHS = "$(PROJECT_DIR)/Shared/Source";
				INFOPLIST_FILE = Demos/MetalCube/Data/iOS/Info.plist;
				IPHONEOS_DEPLOYMENT_TARGET = 9.2;
				LD_RUNPATH_SEARCH_PATHS = "$(inherited) @executable_path/Frameworks";
				MTL_HEADER_SEARCH_PATHS = "$(PROJECT_DIR)/Shared/Source";
				PRODUCT_BUNDLE_IDENTIFIER = "none.MetalCube-iOS";
				PRODUCT_NAME = "$(TARGET_NAME)";
				SDKROOT = iphoneos;
				SWIFT_OBJC_BRIDGING_HEADER = "$(PROJECT_DIR)/Shared/Source/BridgingHeader.h";
				TARGETED_DEVICE_FAMILY = "1,2";
				VALIDATE_PRODUCT = YES;
			};
			name = Release;
		};
		0CB58F5F1C5470FD00D5CAD8 /* Debug */ = {
			isa = XCBuildConfiguration;
			buildSettings = {
				ASSETCATALOG_COMPILER_APPICON_NAME = AppIcon;
				COMBINE_HIDPI_IMAGES = YES;
				HEADER_SEARCH_PATHS = Shared/Source;
				INFOPLIST_FILE = Demos/Instancing/Data/OSX/Info.plist;
				LD_RUNPATH_SEARCH_PATHS = "$(inherited) @executable_path/../Frameworks";
				MTL_HEADER_SEARCH_PATHS = "$(PROJECT_DIR)/Shared/Source $(PROJECT_DIR)/Demos/Instancing/Source";
				PRODUCT_BUNDLE_IDENTIFIER = "none.Instancing-OSX";
				PRODUCT_NAME = "$(TARGET_NAME)";
				SWIFT_OBJC_BRIDGING_HEADER = Shared/Source/BridgingHeader.h;
			};
			name = Debug;
		};
		0CB58F601C5470FD00D5CAD8 /* Release */ = {
			isa = XCBuildConfiguration;
			buildSettings = {
				ASSETCATALOG_COMPILER_APPICON_NAME = AppIcon;
				COMBINE_HIDPI_IMAGES = YES;
				HEADER_SEARCH_PATHS = Shared/Source;
				INFOPLIST_FILE = Demos/Instancing/Data/OSX/Info.plist;
				LD_RUNPATH_SEARCH_PATHS = "$(inherited) @executable_path/../Frameworks";
				MTL_HEADER_SEARCH_PATHS = "$(PROJECT_DIR)/Shared/Source $(PROJECT_DIR)/Demos/Instancing/Source";
				PRODUCT_BUNDLE_IDENTIFIER = "none.Instancing-OSX";
				PRODUCT_NAME = "$(TARGET_NAME)";
				SWIFT_OBJC_BRIDGING_HEADER = Shared/Source/BridgingHeader.h;
			};
			name = Release;
		};
		0CDDA0751C7A9CED00135C7C /* Debug */ = {
			isa = XCBuildConfiguration;
			buildSettings = {
				ASSETCATALOG_COMPILER_APPICON_NAME = AppIcon;
				COMBINE_HIDPI_IMAGES = YES;
				HEADER_SEARCH_PATHS = Shared/Source;
				INFOPLIST_FILE = Demos/MultiSample/Data/OSX/Info.plist;
				LD_RUNPATH_SEARCH_PATHS = "$(inherited) @executable_path/../Frameworks";
				MTL_HEADER_SEARCH_PATHS = "$(PROJECT_DIR)/Shared/Source";
				PRODUCT_BUNDLE_IDENTIFIER = "none.MultiSample-OSX";
				PRODUCT_NAME = "$(TARGET_NAME)";
				SWIFT_OBJC_BRIDGING_HEADER = Shared/Source/BridgingHeader.h;
			};
			name = Debug;
		};
		0CDDA0761C7A9CED00135C7C /* Release */ = {
			isa = XCBuildConfiguration;
			buildSettings = {
				ASSETCATALOG_COMPILER_APPICON_NAME = AppIcon;
				COMBINE_HIDPI_IMAGES = YES;
				HEADER_SEARCH_PATHS = Shared/Source;
				INFOPLIST_FILE = Demos/MultiSample/Data/OSX/Info.plist;
				LD_RUNPATH_SEARCH_PATHS = "$(inherited) @executable_path/../Frameworks";
				MTL_HEADER_SEARCH_PATHS = "$(PROJECT_DIR)/Shared/Source";
				PRODUCT_BUNDLE_IDENTIFIER = "none.MultiSample-OSX";
				PRODUCT_NAME = "$(TARGET_NAME)";
				SWIFT_OBJC_BRIDGING_HEADER = Shared/Source/BridgingHeader.h;
			};
			name = Release;
		};
/* End XCBuildConfiguration section */

/* Begin XCConfigurationList section */
		0C3FED161C3B7D1E002E69FE /* Build configuration list for PBXNativeTarget "MetalCube-OSX" */ = {
			isa = XCConfigurationList;
			buildConfigurations = (
				0C3FED171C3B7D1E002E69FE /* Debug */,
				0C3FED181C3B7D1E002E69FE /* Release */,
			);
			defaultConfigurationIsVisible = 0;
			defaultConfigurationName = Release;
		};
		0C9474D01C339EB1005933AC /* Build configuration list for PBXProject "MetalSwift" */ = {
			isa = XCConfigurationList;
			buildConfigurations = (
				0C9474E21C339EB2005933AC /* Debug */,
				0C9474E31C339EB2005933AC /* Release */,
			);
			defaultConfigurationIsVisible = 0;
			defaultConfigurationName = Release;
		};
		0C9474E41C339EB2005933AC /* Build configuration list for PBXNativeTarget "MetalTriangle-OSX" */ = {
			isa = XCConfigurationList;
			buildConfigurations = (
				0C9474E51C339EB2005933AC /* Debug */,
				0C9474E61C339EB2005933AC /* Release */,
			);
			defaultConfigurationIsVisible = 0;
			defaultConfigurationName = Release;
		};
		0CA2BED11C5328BF00D905EC /* Build configuration list for PBXNativeTarget "MetalTriangle-iOS" */ = {
			isa = XCConfigurationList;
			buildConfigurations = (
				0CA2BED21C5328BF00D905EC /* Debug */,
				0CA2BED31C5328BF00D905EC /* Release */,
			);
			defaultConfigurationIsVisible = 0;
			defaultConfigurationName = Release;
		};
		0CA2BF8A1C5452CD00D905EC /* Build configuration list for PBXNativeTarget "MetalCube-iOS" */ = {
			isa = XCConfigurationList;
			buildConfigurations = (
				0CA2BF8B1C5452CD00D905EC /* Debug */,
				0CA2BF8C1C5452CD00D905EC /* Release */,
			);
			defaultConfigurationIsVisible = 0;
			defaultConfigurationName = Release;
		};
		0CB58F5E1C5470FD00D5CAD8 /* Build configuration list for PBXNativeTarget "Instancing-OSX" */ = {
			isa = XCConfigurationList;
			buildConfigurations = (
				0CB58F5F1C5470FD00D5CAD8 /* Debug */,
				0CB58F601C5470FD00D5CAD8 /* Release */,
			);
			defaultConfigurationIsVisible = 0;
			defaultConfigurationName = Release;
		};
		0CDDA0741C7A9CED00135C7C /* Build configuration list for PBXNativeTarget "MultiSample-OSX" */ = {
			isa = XCConfigurationList;
			buildConfigurations = (
				0CDDA0751C7A9CED00135C7C /* Debug */,
				0CDDA0761C7A9CED00135C7C /* Release */,
			);
			defaultConfigurationIsVisible = 0;
			defaultConfigurationName = Release;
		};
/* End XCConfigurationList section */
	};
	rootObject = 0C9474CD1C339EB1005933AC /* Project object */;
}
